// !$*UTF8*$!
{
	archiveVersion = 1;
	classes = {
	};
	objectVersion = 46;
	objects = {

/* Begin PBXBuildFile section */
		1F1E6DDC1E632A5400B9E142 /* Podfile in Resources */ = {isa = PBXBuildFile; fileRef = 1F1E6DDB1E632A5400B9E142 /* Podfile */; };
		1F71ECA91E632AE900A04291 /* AKMaskField.framework in Frameworks */ = {isa = PBXBuildFile; fileRef = 1F71ECA81E632AE900A04291 /* AKMaskField.framework */; settings = {ATTRIBUTES = (Weak, ); }; };
		1F749C521E89419400D80776 /* Interface.storyboard in Resources */ = {isa = PBXBuildFile; fileRef = 1F749C501E89419400D80776 /* Interface.storyboard */; };
		1F749C541E89419400D80776 /* Assets.xcassets in Resources */ = {isa = PBXBuildFile; fileRef = 1F749C531E89419400D80776 /* Assets.xcassets */; };
		1F749C5B1E89419400D80776 /* HelpMe Extension.appex in Embed App Extensions */ = {isa = PBXBuildFile; fileRef = 1F749C5A1E89419400D80776 /* HelpMe Extension.appex */; settings = {ATTRIBUTES = (RemoveHeadersOnCopy, ); }; };
		1F749C621E89419400D80776 /* InterfaceController.swift in Sources */ = {isa = PBXBuildFile; fileRef = 1F749C611E89419400D80776 /* InterfaceController.swift */; };
		1F749C641E89419400D80776 /* ExtensionDelegate.swift in Sources */ = {isa = PBXBuildFile; fileRef = 1F749C631E89419400D80776 /* ExtensionDelegate.swift */; };
		1F749C661E89419400D80776 /* NotificationController.swift in Sources */ = {isa = PBXBuildFile; fileRef = 1F749C651E89419400D80776 /* NotificationController.swift */; };
		1F749C681E89419400D80776 /* Assets.xcassets in Resources */ = {isa = PBXBuildFile; fileRef = 1F749C671E89419400D80776 /* Assets.xcassets */; };
		1F749C6C1E89419400D80776 /* HelpMe.app in Embed Watch Content */ = {isa = PBXBuildFile; fileRef = 1F749C4E1E89419400D80776 /* HelpMe.app */; };
		1F85DCB51E375C4000EAED8A /* AppDelegate.swift in Sources */ = {isa = PBXBuildFile; fileRef = 1F85DCB41E375C4000EAED8A /* AppDelegate.swift */; };
		1F85DCB71E375C4000EAED8A /* ViewController.swift in Sources */ = {isa = PBXBuildFile; fileRef = 1F85DCB61E375C4000EAED8A /* ViewController.swift */; };
		1F85DCBA1E375C4000EAED8A /* Main.storyboard in Resources */ = {isa = PBXBuildFile; fileRef = 1F85DCB81E375C4000EAED8A /* Main.storyboard */; };
		1F85DCBD1E375C4000EAED8A /* helpMe.xcdatamodeld in Sources */ = {isa = PBXBuildFile; fileRef = 1F85DCBB1E375C4000EAED8A /* helpMe.xcdatamodeld */; };
		1F85DCBF1E375C4000EAED8A /* Assets.xcassets in Resources */ = {isa = PBXBuildFile; fileRef = 1F85DCBE1E375C4000EAED8A /* Assets.xcassets */; };
		1F85DCC21E375C4000EAED8A /* LaunchScreen.storyboard in Resources */ = {isa = PBXBuildFile; fileRef = 1F85DCC01E375C4000EAED8A /* LaunchScreen.storyboard */; };
		1F85DCCD1E375C4000EAED8A /* helpMeTests.swift in Sources */ = {isa = PBXBuildFile; fileRef = 1F85DCCC1E375C4000EAED8A /* helpMeTests.swift */; };
		1F85DCD81E375C4000EAED8A /* helpMeUITests.swift in Sources */ = {isa = PBXBuildFile; fileRef = 1F85DCD71E375C4000EAED8A /* helpMeUITests.swift */; };
		1FAB34FA1E68DCA200628B86 /* registrationViewController.swift in Sources */ = {isa = PBXBuildFile; fileRef = 1FAB34F91E68DCA200628B86 /* registrationViewController.swift */; };
		1FE321111E62206800F859CC /* content in Resources */ = {isa = PBXBuildFile; fileRef = 1FE321101E62206800F859CC /* content */; };
		C017905B44C35A9B7A741F43 /* Pods_helpMe.framework in Frameworks */ = {isa = PBXBuildFile; fileRef = 9E1AE5AFCC7CD04758FF2B72 /* Pods_helpMe.framework */; };
/* End PBXBuildFile section */

/* Begin PBXContainerItemProxy section */
		1F749C5C1E89419400D80776 /* PBXContainerItemProxy */ = {
			isa = PBXContainerItemProxy;
			containerPortal = 1F85DCA91E375C4000EAED8A /* Project object */;
			proxyType = 1;
			remoteGlobalIDString = 1F749C591E89419400D80776;
			remoteInfo = "HelpMe Extension";
		};
		1F749C6A1E89419400D80776 /* PBXContainerItemProxy */ = {
			isa = PBXContainerItemProxy;
			containerPortal = 1F85DCA91E375C4000EAED8A /* Project object */;
			proxyType = 1;
			remoteGlobalIDString = 1F749C4D1E89419400D80776;
			remoteInfo = HelpMe;
		};
		1F85DCC91E375C4000EAED8A /* PBXContainerItemProxy */ = {
			isa = PBXContainerItemProxy;
			containerPortal = 1F85DCA91E375C4000EAED8A /* Project object */;
			proxyType = 1;
			remoteGlobalIDString = 1F85DCB01E375C4000EAED8A;
			remoteInfo = helpMe;
		};
		1F85DCD41E375C4000EAED8A /* PBXContainerItemProxy */ = {
			isa = PBXContainerItemProxy;
			containerPortal = 1F85DCA91E375C4000EAED8A /* Project object */;
			proxyType = 1;
			remoteGlobalIDString = 1F85DCB01E375C4000EAED8A;
			remoteInfo = helpMe;
		};
/* End PBXContainerItemProxy section */

/* Begin PBXCopyFilesBuildPhase section */
		1F749C721E89419400D80776 /* Embed App Extensions */ = {
			isa = PBXCopyFilesBuildPhase;
			buildActionMask = 2147483647;
			dstPath = "";
			dstSubfolderSpec = 13;
			files = (
				1F749C5B1E89419400D80776 /* HelpMe Extension.appex in Embed App Extensions */,
			);
			name = "Embed App Extensions";
			runOnlyForDeploymentPostprocessing = 0;
		};
		1F749C741E89419400D80776 /* Embed Watch Content */ = {
			isa = PBXCopyFilesBuildPhase;
			buildActionMask = 2147483647;
			dstPath = "$(CONTENTS_FOLDER_PATH)/Watch";
			dstSubfolderSpec = 16;
			files = (
				1F749C6C1E89419400D80776 /* HelpMe.app in Embed Watch Content */,
			);
			name = "Embed Watch Content";
			runOnlyForDeploymentPostprocessing = 0;
		};
/* End PBXCopyFilesBuildPhase section */

/* Begin PBXFileReference section */
		0E014DA9576925F3F2E871FC /* Pods-helpMe.release.xcconfig */ = {isa = PBXFileReference; includeInIndex = 1; lastKnownFileType = text.xcconfig; name = "Pods-helpMe.release.xcconfig"; path = "Pods/Target Support Files/Pods-helpMe/Pods-helpMe.release.xcconfig"; sourceTree = "<group>"; };
		1F1E6DDB1E632A5400B9E142 /* Podfile */ = {isa = PBXFileReference; fileEncoding = 4; lastKnownFileType = text; path = Podfile; sourceTree = "<group>"; xcLanguageSpecificationIdentifier = xcode.lang.ruby; };
		1F71ECA81E632AE900A04291 /* AKMaskField.framework */ = {isa = PBXFileReference; lastKnownFileType = wrapper.framework; name = AKMaskField.framework; path = "Pods/../build/Debug-iphoneos/AKMaskField/AKMaskField.framework"; sourceTree = "<group>"; };
		1F749C4E1E89419400D80776 /* HelpMe.app */ = {isa = PBXFileReference; explicitFileType = wrapper.application; includeInIndex = 0; path = HelpMe.app; sourceTree = BUILT_PRODUCTS_DIR; };
		1F749C511E89419400D80776 /* Base */ = {isa = PBXFileReference; lastKnownFileType = file.storyboard; name = Base; path = Base.lproj/Interface.storyboard; sourceTree = "<group>"; };
		1F749C531E89419400D80776 /* Assets.xcassets */ = {isa = PBXFileReference; lastKnownFileType = folder.assetcatalog; path = Assets.xcassets; sourceTree = "<group>"; };
		1F749C551E89419400D80776 /* Info.plist */ = {isa = PBXFileReference; lastKnownFileType = text.plist.xml; path = Info.plist; sourceTree = "<group>"; };
		1F749C5A1E89419400D80776 /* HelpMe Extension.appex */ = {isa = PBXFileReference; explicitFileType = "wrapper.app-extension"; includeInIndex = 0; path = "HelpMe Extension.appex"; sourceTree = BUILT_PRODUCTS_DIR; };
		1F749C601E89419400D80776 /* PushNotificationPayload.apns */ = {isa = PBXFileReference; lastKnownFileType = text; path = PushNotificationPayload.apns; sourceTree = "<group>"; };
		1F749C611E89419400D80776 /* InterfaceController.swift */ = {isa = PBXFileReference; lastKnownFileType = sourcecode.swift; path = InterfaceController.swift; sourceTree = "<group>"; };
		1F749C631E89419400D80776 /* ExtensionDelegate.swift */ = {isa = PBXFileReference; lastKnownFileType = sourcecode.swift; path = ExtensionDelegate.swift; sourceTree = "<group>"; };
		1F749C651E89419400D80776 /* NotificationController.swift */ = {isa = PBXFileReference; lastKnownFileType = sourcecode.swift; path = NotificationController.swift; sourceTree = "<group>"; };
		1F749C671E89419400D80776 /* Assets.xcassets */ = {isa = PBXFileReference; lastKnownFileType = folder.assetcatalog; path = Assets.xcassets; sourceTree = "<group>"; };
		1F749C691E89419400D80776 /* Info.plist */ = {isa = PBXFileReference; lastKnownFileType = text.plist.xml; path = Info.plist; sourceTree = "<group>"; };
		1F85DCB11E375C4000EAED8A /* helpMe.app */ = {isa = PBXFileReference; explicitFileType = wrapper.application; includeInIndex = 0; path = helpMe.app; sourceTree = BUILT_PRODUCTS_DIR; };
		1F85DCB41E375C4000EAED8A /* AppDelegate.swift */ = {isa = PBXFileReference; lastKnownFileType = sourcecode.swift; path = AppDelegate.swift; sourceTree = "<group>"; };
		1F85DCB61E375C4000EAED8A /* ViewController.swift */ = {isa = PBXFileReference; lastKnownFileType = sourcecode.swift; path = ViewController.swift; sourceTree = "<group>"; };
		1F85DCB91E375C4000EAED8A /* Base */ = {isa = PBXFileReference; lastKnownFileType = file.storyboard; name = Base; path = Base.lproj/Main.storyboard; sourceTree = "<group>"; };
		1F85DCBC1E375C4000EAED8A /* helpMe.xcdatamodel */ = {isa = PBXFileReference; lastKnownFileType = wrapper.xcdatamodel; path = helpMe.xcdatamodel; sourceTree = "<group>"; };
		1F85DCBE1E375C4000EAED8A /* Assets.xcassets */ = {isa = PBXFileReference; lastKnownFileType = folder.assetcatalog; path = Assets.xcassets; sourceTree = "<group>"; };
		1F85DCC11E375C4000EAED8A /* Base */ = {isa = PBXFileReference; lastKnownFileType = file.storyboard; name = Base; path = Base.lproj/LaunchScreen.storyboard; sourceTree = "<group>"; };
		1F85DCC31E375C4000EAED8A /* Info.plist */ = {isa = PBXFileReference; lastKnownFileType = text.plist.xml; path = Info.plist; sourceTree = "<group>"; };
		1F85DCC81E375C4000EAED8A /* helpMeTests.xctest */ = {isa = PBXFileReference; explicitFileType = wrapper.cfbundle; includeInIndex = 0; path = helpMeTests.xctest; sourceTree = BUILT_PRODUCTS_DIR; };
		1F85DCCC1E375C4000EAED8A /* helpMeTests.swift */ = {isa = PBXFileReference; lastKnownFileType = sourcecode.swift; path = helpMeTests.swift; sourceTree = "<group>"; };
		1F85DCCE1E375C4000EAED8A /* Info.plist */ = {isa = PBXFileReference; lastKnownFileType = text.plist.xml; path = Info.plist; sourceTree = "<group>"; };
		1F85DCD31E375C4000EAED8A /* helpMeUITests.xctest */ = {isa = PBXFileReference; explicitFileType = wrapper.cfbundle; includeInIndex = 0; path = helpMeUITests.xctest; sourceTree = BUILT_PRODUCTS_DIR; };
		1F85DCD71E375C4000EAED8A /* helpMeUITests.swift */ = {isa = PBXFileReference; lastKnownFileType = sourcecode.swift; path = helpMeUITests.swift; sourceTree = "<group>"; };
		1F85DCD91E375C4000EAED8A /* Info.plist */ = {isa = PBXFileReference; lastKnownFileType = text.plist.xml; path = Info.plist; sourceTree = "<group>"; };
		1FAB34F91E68DCA200628B86 /* registrationViewController.swift */ = {isa = PBXFileReference; fileEncoding = 4; lastKnownFileType = sourcecode.swift; path = registrationViewController.swift; sourceTree = "<group>"; };
		1FE321101E62206800F859CC /* content */ = {isa = PBXFileReference; lastKnownFileType = folder; path = content; sourceTree = "<group>"; };
		1FE64AF11E89508300D032FD /* helpMe.entitlements */ = {isa = PBXFileReference; lastKnownFileType = text.plist.entitlements; path = helpMe.entitlements; sourceTree = "<group>"; };
		795A3933A542E55E1C012AC9 /* Pods-helpMe.debug.xcconfig */ = {isa = PBXFileReference; includeInIndex = 1; lastKnownFileType = text.xcconfig; name = "Pods-helpMe.debug.xcconfig"; path = "Pods/Target Support Files/Pods-helpMe/Pods-helpMe.debug.xcconfig"; sourceTree = "<group>"; };
		9E1AE5AFCC7CD04758FF2B72 /* Pods_helpMe.framework */ = {isa = PBXFileReference; explicitFileType = wrapper.framework; includeInIndex = 0; path = Pods_helpMe.framework; sourceTree = BUILT_PRODUCTS_DIR; };
/* End PBXFileReference section */

/* Begin PBXFrameworksBuildPhase section */
		1F749C571E89419400D80776 /* Frameworks */ = {
			isa = PBXFrameworksBuildPhase;
			buildActionMask = 2147483647;
			files = (
			);
			runOnlyForDeploymentPostprocessing = 0;
		};
		1F85DCAE1E375C4000EAED8A /* Frameworks */ = {
			isa = PBXFrameworksBuildPhase;
			buildActionMask = 2147483647;
			files = (
				1F71ECA91E632AE900A04291 /* AKMaskField.framework in Frameworks */,
				C017905B44C35A9B7A741F43 /* Pods_helpMe.framework in Frameworks */,
			);
			runOnlyForDeploymentPostprocessing = 0;
		};
		1F85DCC51E375C4000EAED8A /* Frameworks */ = {
			isa = PBXFrameworksBuildPhase;
			buildActionMask = 2147483647;
			files = (
			);
			runOnlyForDeploymentPostprocessing = 0;
		};
		1F85DCD01E375C4000EAED8A /* Frameworks */ = {
			isa = PBXFrameworksBuildPhase;
			buildActionMask = 2147483647;
			files = (
			);
			runOnlyForDeploymentPostprocessing = 0;
		};
/* End PBXFrameworksBuildPhase section */

/* Begin PBXGroup section */
		1F749C4F1E89419400D80776 /* HelpMe */ = {
			isa = PBXGroup;
			children = (
				1F749C501E89419400D80776 /* Interface.storyboard */,
				1F749C531E89419400D80776 /* Assets.xcassets */,
				1F749C551E89419400D80776 /* Info.plist */,
			);
			path = HelpMe;
			sourceTree = "<group>";
		};
		1F749C5E1E89419400D80776 /* HelpMe Extension */ = {
			isa = PBXGroup;
			children = (
				1F749C611E89419400D80776 /* InterfaceController.swift */,
				1F749C631E89419400D80776 /* ExtensionDelegate.swift */,
				1F749C651E89419400D80776 /* NotificationController.swift */,
				1F749C671E89419400D80776 /* Assets.xcassets */,
				1F749C691E89419400D80776 /* Info.plist */,
				1F749C5F1E89419400D80776 /* Supporting Files */,
			);
			path = "HelpMe Extension";
			sourceTree = "<group>";
		};
		1F749C5F1E89419400D80776 /* Supporting Files */ = {
			isa = PBXGroup;
			children = (
				1F749C601E89419400D80776 /* PushNotificationPayload.apns */,
			);
			name = "Supporting Files";
			sourceTree = "<group>";
		};
		1F85DCA81E375C4000EAED8A = {
			isa = PBXGroup;
			children = (
				1F1E6DDB1E632A5400B9E142 /* Podfile */,
				1FE321101E62206800F859CC /* content */,
				1F85DCB31E375C4000EAED8A /* helpMe */,
				1F85DCCB1E375C4000EAED8A /* helpMeTests */,
				1F85DCD61E375C4000EAED8A /* helpMeUITests */,
				1F749C4F1E89419400D80776 /* HelpMe */,
				1F749C5E1E89419400D80776 /* HelpMe Extension */,
				1F85DCB21E375C4000EAED8A /* Products */,
				F5A429EC7B3371A93C89F26A /* Pods */,
				CE499F021B84C3288F09DD94 /* Frameworks */,
			);
			sourceTree = "<group>";
		};
		1F85DCB21E375C4000EAED8A /* Products */ = {
			isa = PBXGroup;
			children = (
				1F85DCB11E375C4000EAED8A /* helpMe.app */,
				1F85DCC81E375C4000EAED8A /* helpMeTests.xctest */,
				1F85DCD31E375C4000EAED8A /* helpMeUITests.xctest */,
				1F749C4E1E89419400D80776 /* HelpMe.app */,
				1F749C5A1E89419400D80776 /* HelpMe Extension.appex */,
			);
			name = Products;
			sourceTree = "<group>";
		};
		1F85DCB31E375C4000EAED8A /* helpMe */ = {
			isa = PBXGroup;
			children = (
				1FE64AF11E89508300D032FD /* helpMe.entitlements */,
				1F85DCB41E375C4000EAED8A /* AppDelegate.swift */,
				1F85DCB61E375C4000EAED8A /* ViewController.swift */,
				1F85DCB81E375C4000EAED8A /* Main.storyboard */,
				1FAB34F91E68DCA200628B86 /* registrationViewController.swift */,
				1F85DCBE1E375C4000EAED8A /* Assets.xcassets */,
				1F85DCC01E375C4000EAED8A /* LaunchScreen.storyboard */,
				1F85DCC31E375C4000EAED8A /* Info.plist */,
				1F85DCBB1E375C4000EAED8A /* helpMe.xcdatamodeld */,
			);
			path = helpMe;
			sourceTree = "<group>";
		};
		1F85DCCB1E375C4000EAED8A /* helpMeTests */ = {
			isa = PBXGroup;
			children = (
				1F85DCCC1E375C4000EAED8A /* helpMeTests.swift */,
				1F85DCCE1E375C4000EAED8A /* Info.plist */,
			);
			path = helpMeTests;
			sourceTree = "<group>";
		};
		1F85DCD61E375C4000EAED8A /* helpMeUITests */ = {
			isa = PBXGroup;
			children = (
				1F85DCD71E375C4000EAED8A /* helpMeUITests.swift */,
				1F85DCD91E375C4000EAED8A /* Info.plist */,
			);
			path = helpMeUITests;
			sourceTree = "<group>";
		};
		CE499F021B84C3288F09DD94 /* Frameworks */ = {
			isa = PBXGroup;
			children = (
				1F71ECA81E632AE900A04291 /* AKMaskField.framework */,
				9E1AE5AFCC7CD04758FF2B72 /* Pods_helpMe.framework */,
			);
			name = Frameworks;
			sourceTree = "<group>";
		};
		F5A429EC7B3371A93C89F26A /* Pods */ = {
			isa = PBXGroup;
			children = (
				795A3933A542E55E1C012AC9 /* Pods-helpMe.debug.xcconfig */,
				0E014DA9576925F3F2E871FC /* Pods-helpMe.release.xcconfig */,
			);
			name = Pods;
			sourceTree = "<group>";
		};
/* End PBXGroup section */

/* Begin PBXNativeTarget section */
		1F749C4D1E89419400D80776 /* HelpMe */ = {
			isa = PBXNativeTarget;
			buildConfigurationList = 1F749C731E89419400D80776 /* Build configuration list for PBXNativeTarget "HelpMe" */;
			buildPhases = (
				1F749C4C1E89419400D80776 /* Resources */,
				1F749C721E89419400D80776 /* Embed App Extensions */,
			);
			buildRules = (
			);
			dependencies = (
				1F749C5D1E89419400D80776 /* PBXTargetDependency */,
			);
			name = HelpMe;
			productName = HelpMe;
			productReference = 1F749C4E1E89419400D80776 /* HelpMe.app */;
			productType = "com.apple.product-type.application.watchapp2";
		};
		1F749C591E89419400D80776 /* HelpMe Extension */ = {
			isa = PBXNativeTarget;
			buildConfigurationList = 1F749C711E89419400D80776 /* Build configuration list for PBXNativeTarget "HelpMe Extension" */;
			buildPhases = (
				1F749C561E89419400D80776 /* Sources */,
				1F749C571E89419400D80776 /* Frameworks */,
				1F749C581E89419400D80776 /* Resources */,
			);
			buildRules = (
			);
			dependencies = (
			);
			name = "HelpMe Extension";
			productName = "HelpMe Extension";
			productReference = 1F749C5A1E89419400D80776 /* HelpMe Extension.appex */;
			productType = "com.apple.product-type.watchkit2-extension";
		};
		1F85DCB01E375C4000EAED8A /* helpMe */ = {
			isa = PBXNativeTarget;
			buildConfigurationList = 1F85DCDC1E375C4000EAED8A /* Build configuration list for PBXNativeTarget "helpMe" */;
			buildPhases = (
				CB36936CEDC6A9EBFC15E495 /* [CP] Check Pods Manifest.lock */,
				1F85DCAD1E375C4000EAED8A /* Sources */,
				1F85DCAE1E375C4000EAED8A /* Frameworks */,
				1F85DCAF1E375C4000EAED8A /* Resources */,
				DE23587F78408B0B19E1333B /* [CP] Embed Pods Frameworks */,
				43B3D496045FB4BA9101302B /* [CP] Copy Pods Resources */,
				1F749C741E89419400D80776 /* Embed Watch Content */,
			);
			buildRules = (
			);
			dependencies = (
				1F749C6B1E89419400D80776 /* PBXTargetDependency */,
			);
			name = helpMe;
			productName = helpMe;
			productReference = 1F85DCB11E375C4000EAED8A /* helpMe.app */;
			productType = "com.apple.product-type.application";
		};
		1F85DCC71E375C4000EAED8A /* helpMeTests */ = {
			isa = PBXNativeTarget;
			buildConfigurationList = 1F85DCDF1E375C4000EAED8A /* Build configuration list for PBXNativeTarget "helpMeTests" */;
			buildPhases = (
				1F85DCC41E375C4000EAED8A /* Sources */,
				1F85DCC51E375C4000EAED8A /* Frameworks */,
				1F85DCC61E375C4000EAED8A /* Resources */,
			);
			buildRules = (
			);
			dependencies = (
				1F85DCCA1E375C4000EAED8A /* PBXTargetDependency */,
			);
			name = helpMeTests;
			productName = helpMeTests;
			productReference = 1F85DCC81E375C4000EAED8A /* helpMeTests.xctest */;
			productType = "com.apple.product-type.bundle.unit-test";
		};
		1F85DCD21E375C4000EAED8A /* helpMeUITests */ = {
			isa = PBXNativeTarget;
			buildConfigurationList = 1F85DCE21E375C4000EAED8A /* Build configuration list for PBXNativeTarget "helpMeUITests" */;
			buildPhases = (
				1F85DCCF1E375C4000EAED8A /* Sources */,
				1F85DCD01E375C4000EAED8A /* Frameworks */,
				1F85DCD11E375C4000EAED8A /* Resources */,
			);
			buildRules = (
			);
			dependencies = (
				1F85DCD51E375C4000EAED8A /* PBXTargetDependency */,
			);
			name = helpMeUITests;
			productName = helpMeUITests;
			productReference = 1F85DCD31E375C4000EAED8A /* helpMeUITests.xctest */;
			productType = "com.apple.product-type.bundle.ui-testing";
		};
/* End PBXNativeTarget section */

/* Begin PBXProject section */
		1F85DCA91E375C4000EAED8A /* Project object */ = {
			isa = PBXProject;
			attributes = {
				LastSwiftUpdateCheck = 0820;
				LastUpgradeCheck = 0820;
				ORGANIZATIONNAME = "Александр";
				TargetAttributes = {
					1F749C4D1E89419400D80776 = {
						CreatedOnToolsVersion = 8.2;
						DevelopmentTeam = 84V739CU2U;
						ProvisioningStyle = Automatic;
					};
					1F749C591E89419400D80776 = {
						CreatedOnToolsVersion = 8.2;
						DevelopmentTeam = 84V739CU2U;
						ProvisioningStyle = Automatic;
					};
					1F85DCB01E375C4000EAED8A = {
						CreatedOnToolsVersion = 8.2;
						DevelopmentTeam = 84V739CU2U;
						ProvisioningStyle = Automatic;
						SystemCapabilities = {
							com.apple.Push = {
								enabled = 0;
							};
						};
					};
					1F85DCC71E375C4000EAED8A = {
						CreatedOnToolsVersion = 8.2;
						DevelopmentTeam = 84V739CU2U;
						ProvisioningStyle = Automatic;
						TestTargetID = 1F85DCB01E375C4000EAED8A;
					};
					1F85DCD21E375C4000EAED8A = {
						CreatedOnToolsVersion = 8.2;
						DevelopmentTeam = 84V739CU2U;
						ProvisioningStyle = Automatic;
						TestTargetID = 1F85DCB01E375C4000EAED8A;
					};
				};
			};
			buildConfigurationList = 1F85DCAC1E375C4000EAED8A /* Build configuration list for PBXProject "helpMe" */;
			compatibilityVersion = "Xcode 3.2";
			developmentRegion = English;
			hasScannedForEncodings = 0;
			knownRegions = (
				en,
				Base,
			);
			mainGroup = 1F85DCA81E375C4000EAED8A;
			productRefGroup = 1F85DCB21E375C4000EAED8A /* Products */;
			projectDirPath = "";
			projectRoot = "";
			targets = (
				1F85DCB01E375C4000EAED8A /* helpMe */,
				1F85DCC71E375C4000EAED8A /* helpMeTests */,
				1F85DCD21E375C4000EAED8A /* helpMeUITests */,
				1F749C4D1E89419400D80776 /* HelpMe */,
				1F749C591E89419400D80776 /* HelpMe Extension */,
			);
		};
/* End PBXProject section */

/* Begin PBXResourcesBuildPhase section */
		1F749C4C1E89419400D80776 /* Resources */ = {
			isa = PBXResourcesBuildPhase;
			buildActionMask = 2147483647;
			files = (
				1F749C541E89419400D80776 /* Assets.xcassets in Resources */,
				1F749C521E89419400D80776 /* Interface.storyboard in Resources */,
			);
			runOnlyForDeploymentPostprocessing = 0;
		};
		1F749C581E89419400D80776 /* Resources */ = {
			isa = PBXResourcesBuildPhase;
			buildActionMask = 2147483647;
			files = (
				1F749C681E89419400D80776 /* Assets.xcassets in Resources */,
			);
			runOnlyForDeploymentPostprocessing = 0;
		};
		1F85DCAF1E375C4000EAED8A /* Resources */ = {
			isa = PBXResourcesBuildPhase;
			buildActionMask = 2147483647;
			files = (
				1F1E6DDC1E632A5400B9E142 /* Podfile in Resources */,
				1F85DCC21E375C4000EAED8A /* LaunchScreen.storyboard in Resources */,
				1F85DCBF1E375C4000EAED8A /* Assets.xcassets in Resources */,
				1FE321111E62206800F859CC /* content in Resources */,
				1F85DCBA1E375C4000EAED8A /* Main.storyboard in Resources */,
			);
			runOnlyForDeploymentPostprocessing = 0;
		};
		1F85DCC61E375C4000EAED8A /* Resources */ = {
			isa = PBXResourcesBuildPhase;
			buildActionMask = 2147483647;
			files = (
			);
			runOnlyForDeploymentPostprocessing = 0;
		};
		1F85DCD11E375C4000EAED8A /* Resources */ = {
			isa = PBXResourcesBuildPhase;
			buildActionMask = 2147483647;
			files = (
			);
			runOnlyForDeploymentPostprocessing = 0;
		};
/* End PBXResourcesBuildPhase section */

/* Begin PBXShellScriptBuildPhase section */
		43B3D496045FB4BA9101302B /* [CP] Copy Pods Resources */ = {
			isa = PBXShellScriptBuildPhase;
			buildActionMask = 2147483647;
			files = (
			);
			inputPaths = (
			);
			name = "[CP] Copy Pods Resources";
			outputPaths = (
			);
			runOnlyForDeploymentPostprocessing = 0;
			shellPath = /bin/sh;
			shellScript = "\"${SRCROOT}/Pods/Target Support Files/Pods-helpMe/Pods-helpMe-resources.sh\"\n";
			showEnvVarsInLog = 0;
		};
		CB36936CEDC6A9EBFC15E495 /* [CP] Check Pods Manifest.lock */ = {
			isa = PBXShellScriptBuildPhase;
			buildActionMask = 2147483647;
			files = (
			);
			inputPaths = (
			);
			name = "[CP] Check Pods Manifest.lock";
			outputPaths = (
			);
			runOnlyForDeploymentPostprocessing = 0;
			shellPath = /bin/sh;
			shellScript = "diff \"${PODS_ROOT}/../Podfile.lock\" \"${PODS_ROOT}/Manifest.lock\" > /dev/null\nif [ $? != 0 ] ; then\n    # print error to STDERR\n    echo \"error: The sandbox is not in sync with the Podfile.lock. Run 'pod install' or update your CocoaPods installation.\" >&2\n    exit 1\nfi\n";
			showEnvVarsInLog = 0;
		};
		DE23587F78408B0B19E1333B /* [CP] Embed Pods Frameworks */ = {
			isa = PBXShellScriptBuildPhase;
			buildActionMask = 2147483647;
			files = (
			);
			inputPaths = (
			);
			name = "[CP] Embed Pods Frameworks";
			outputPaths = (
			);
			runOnlyForDeploymentPostprocessing = 0;
			shellPath = /bin/sh;
			shellScript = "\"${SRCROOT}/Pods/Target Support Files/Pods-helpMe/Pods-helpMe-frameworks.sh\"\n";
			showEnvVarsInLog = 0;
		};
/* End PBXShellScriptBuildPhase section */

/* Begin PBXSourcesBuildPhase section */
		1F749C561E89419400D80776 /* Sources */ = {
			isa = PBXSourcesBuildPhase;
			buildActionMask = 2147483647;
			files = (
				1F749C661E89419400D80776 /* NotificationController.swift in Sources */,
				1F749C641E89419400D80776 /* ExtensionDelegate.swift in Sources */,
				1F749C621E89419400D80776 /* InterfaceController.swift in Sources */,
			);
			runOnlyForDeploymentPostprocessing = 0;
		};
		1F85DCAD1E375C4000EAED8A /* Sources */ = {
			isa = PBXSourcesBuildPhase;
			buildActionMask = 2147483647;
			files = (
				1F85DCB71E375C4000EAED8A /* ViewController.swift in Sources */,
				1F85DCB51E375C4000EAED8A /* AppDelegate.swift in Sources */,
				1FAB34FA1E68DCA200628B86 /* registrationViewController.swift in Sources */,
				1F85DCBD1E375C4000EAED8A /* helpMe.xcdatamodeld in Sources */,
			);
			runOnlyForDeploymentPostprocessing = 0;
		};
		1F85DCC41E375C4000EAED8A /* Sources */ = {
			isa = PBXSourcesBuildPhase;
			buildActionMask = 2147483647;
			files = (
				1F85DCCD1E375C4000EAED8A /* helpMeTests.swift in Sources */,
			);
			runOnlyForDeploymentPostprocessing = 0;
		};
		1F85DCCF1E375C4000EAED8A /* Sources */ = {
			isa = PBXSourcesBuildPhase;
			buildActionMask = 2147483647;
			files = (
				1F85DCD81E375C4000EAED8A /* helpMeUITests.swift in Sources */,
			);
			runOnlyForDeploymentPostprocessing = 0;
		};
/* End PBXSourcesBuildPhase section */

/* Begin PBXTargetDependency section */
		1F749C5D1E89419400D80776 /* PBXTargetDependency */ = {
			isa = PBXTargetDependency;
			target = 1F749C591E89419400D80776 /* HelpMe Extension */;
			targetProxy = 1F749C5C1E89419400D80776 /* PBXContainerItemProxy */;
		};
		1F749C6B1E89419400D80776 /* PBXTargetDependency */ = {
			isa = PBXTargetDependency;
			target = 1F749C4D1E89419400D80776 /* HelpMe */;
			targetProxy = 1F749C6A1E89419400D80776 /* PBXContainerItemProxy */;
		};
		1F85DCCA1E375C4000EAED8A /* PBXTargetDependency */ = {
			isa = PBXTargetDependency;
			target = 1F85DCB01E375C4000EAED8A /* helpMe */;
			targetProxy = 1F85DCC91E375C4000EAED8A /* PBXContainerItemProxy */;
		};
		1F85DCD51E375C4000EAED8A /* PBXTargetDependency */ = {
			isa = PBXTargetDependency;
			target = 1F85DCB01E375C4000EAED8A /* helpMe */;
			targetProxy = 1F85DCD41E375C4000EAED8A /* PBXContainerItemProxy */;
		};
/* End PBXTargetDependency section */

/* Begin PBXVariantGroup section */
		1F749C501E89419400D80776 /* Interface.storyboard */ = {
			isa = PBXVariantGroup;
			children = (
				1F749C511E89419400D80776 /* Base */,
			);
			name = Interface.storyboard;
			sourceTree = "<group>";
		};
		1F85DCB81E375C4000EAED8A /* Main.storyboard */ = {
			isa = PBXVariantGroup;
			children = (
				1F85DCB91E375C4000EAED8A /* Base */,
			);
			name = Main.storyboard;
			sourceTree = "<group>";
		};
		1F85DCC01E375C4000EAED8A /* LaunchScreen.storyboard */ = {
			isa = PBXVariantGroup;
			children = (
				1F85DCC11E375C4000EAED8A /* Base */,
			);
			name = LaunchScreen.storyboard;
			sourceTree = "<group>";
		};
/* End PBXVariantGroup section */

/* Begin XCBuildConfiguration section */
		1F749C6D1E89419400D80776 /* Debug */ = {
			isa = XCBuildConfiguration;
			buildSettings = {
				ALWAYS_EMBED_SWIFT_STANDARD_LIBRARIES = YES;
				ASSETCATALOG_COMPILER_APPICON_NAME = AppIcon;
				DEVELOPMENT_TEAM = 84V739CU2U;
				IBSC_MODULE = HelpMe_Extension;
				INFOPLIST_FILE = HelpMe/Info.plist;
				PRODUCT_BUNDLE_IDENTIFIER = gariken.helpMe.watchkitapp;
				PRODUCT_NAME = "$(TARGET_NAME)";
				SDKROOT = watchos;
				SKIP_INSTALL = YES;
				SWIFT_VERSION = 3.0;
				TARGETED_DEVICE_FAMILY = 4;
				WATCHOS_DEPLOYMENT_TARGET = 3.1;
			};
			name = Debug;
		};
		1F749C6E1E89419400D80776 /* Release */ = {
			isa = XCBuildConfiguration;
			buildSettings = {
				ALWAYS_EMBED_SWIFT_STANDARD_LIBRARIES = YES;
				ASSETCATALOG_COMPILER_APPICON_NAME = AppIcon;
				DEVELOPMENT_TEAM = 84V739CU2U;
				IBSC_MODULE = HelpMe_Extension;
				INFOPLIST_FILE = HelpMe/Info.plist;
				PRODUCT_BUNDLE_IDENTIFIER = gariken.helpMe.watchkitapp;
				PRODUCT_NAME = "$(TARGET_NAME)";
				SDKROOT = watchos;
				SKIP_INSTALL = YES;
				SWIFT_VERSION = 3.0;
				TARGETED_DEVICE_FAMILY = 4;
				WATCHOS_DEPLOYMENT_TARGET = 3.1;
			};
			name = Release;
		};
		1F749C6F1E89419400D80776 /* Debug */ = {
			isa = XCBuildConfiguration;
			buildSettings = {
				ASSETCATALOG_COMPILER_COMPLICATION_NAME = Complication;
				DEVELOPMENT_TEAM = 84V739CU2U;
				INFOPLIST_FILE = "HelpMe Extension/Info.plist";
				LD_RUNPATH_SEARCH_PATHS = "$(inherited) @executable_path/Frameworks @executable_path/../../Frameworks";
				PRODUCT_BUNDLE_IDENTIFIER = gariken.helpMe.watchkitapp.watchkitextension;
				PRODUCT_NAME = "${TARGET_NAME}";
				SDKROOT = watchos;
				SKIP_INSTALL = YES;
				SWIFT_VERSION = 3.0;
				TARGETED_DEVICE_FAMILY = 4;
				WATCHOS_DEPLOYMENT_TARGET = 3.1;
			};
			name = Debug;
		};
		1F749C701E89419400D80776 /* Release */ = {
			isa = XCBuildConfiguration;
			buildSettings = {
				ASSETCATALOG_COMPILER_COMPLICATION_NAME = Complication;
				DEVELOPMENT_TEAM = 84V739CU2U;
				INFOPLIST_FILE = "HelpMe Extension/Info.plist";
				LD_RUNPATH_SEARCH_PATHS = "$(inherited) @executable_path/Frameworks @executable_path/../../Frameworks";
				PRODUCT_BUNDLE_IDENTIFIER = gariken.helpMe.watchkitapp.watchkitextension;
				PRODUCT_NAME = "${TARGET_NAME}";
				SDKROOT = watchos;
				SKIP_INSTALL = YES;
				SWIFT_VERSION = 3.0;
				TARGETED_DEVICE_FAMILY = 4;
				WATCHOS_DEPLOYMENT_TARGET = 3.1;
			};
			name = Release;
		};
		1F85DCDA1E375C4000EAED8A /* Debug */ = {
			isa = XCBuildConfiguration;
			buildSettings = {
				ALWAYS_SEARCH_USER_PATHS = NO;
				CLANG_ANALYZER_NONNULL = YES;
				CLANG_CXX_LANGUAGE_STANDARD = "gnu++0x";
				CLANG_CXX_LIBRARY = "libc++";
				CLANG_ENABLE_MODULES = YES;
				CLANG_ENABLE_OBJC_ARC = YES;
				CLANG_WARN_BOOL_CONVERSION = YES;
				CLANG_WARN_CONSTANT_CONVERSION = YES;
				CLANG_WARN_DIRECT_OBJC_ISA_USAGE = YES_ERROR;
				CLANG_WARN_DOCUMENTATION_COMMENTS = YES;
				CLANG_WARN_EMPTY_BODY = YES;
				CLANG_WARN_ENUM_CONVERSION = YES;
				CLANG_WARN_INFINITE_RECURSION = YES;
				CLANG_WARN_INT_CONVERSION = YES;
				CLANG_WARN_OBJC_ROOT_CLASS = YES_ERROR;
				CLANG_WARN_SUSPICIOUS_MOVE = YES;
				CLANG_WARN_UNREACHABLE_CODE = YES;
				CLANG_WARN__DUPLICATE_METHOD_MATCH = YES;
				"CODE_SIGN_IDENTITY[sdk=iphoneos*]" = "iPhone Developer";
				COPY_PHASE_STRIP = NO;
				DEBUG_INFORMATION_FORMAT = dwarf;
				ENABLE_STRICT_OBJC_MSGSEND = YES;
				ENABLE_TESTABILITY = YES;
				GCC_C_LANGUAGE_STANDARD = gnu99;
				GCC_DYNAMIC_NO_PIC = NO;
				GCC_NO_COMMON_BLOCKS = YES;
				GCC_OPTIMIZATION_LEVEL = 0;
				GCC_PREPROCESSOR_DEFINITIONS = (
					"DEBUG=1",
					"$(inherited)",
				);
				GCC_WARN_64_TO_32_BIT_CONVERSION = YES;
				GCC_WARN_ABOUT_RETURN_TYPE = YES_ERROR;
				GCC_WARN_UNDECLARED_SELECTOR = YES;
				GCC_WARN_UNINITIALIZED_AUTOS = YES_AGGRESSIVE;
				GCC_WARN_UNUSED_FUNCTION = YES;
				GCC_WARN_UNUSED_VARIABLE = YES;
				IPHONEOS_DEPLOYMENT_TARGET = 10.2;
				MTL_ENABLE_DEBUG_INFO = YES;
				ONLY_ACTIVE_ARCH = YES;
				SDKROOT = iphoneos;
				SWIFT_ACTIVE_COMPILATION_CONDITIONS = DEBUG;
				SWIFT_OPTIMIZATION_LEVEL = "-Onone";
			};
			name = Debug;
		};
		1F85DCDB1E375C4000EAED8A /* Release */ = {
			isa = XCBuildConfiguration;
			buildSettings = {
				ALWAYS_SEARCH_USER_PATHS = NO;
				CLANG_ANALYZER_NONNULL = YES;
				CLANG_CXX_LANGUAGE_STANDARD = "gnu++0x";
				CLANG_CXX_LIBRARY = "libc++";
				CLANG_ENABLE_MODULES = YES;
				CLANG_ENABLE_OBJC_ARC = YES;
				CLANG_WARN_BOOL_CONVERSION = YES;
				CLANG_WARN_CONSTANT_CONVERSION = YES;
				CLANG_WARN_DIRECT_OBJC_ISA_USAGE = YES_ERROR;
				CLANG_WARN_DOCUMENTATION_COMMENTS = YES;
				CLANG_WARN_EMPTY_BODY = YES;
				CLANG_WARN_ENUM_CONVERSION = YES;
				CLANG_WARN_INFINITE_RECURSION = YES;
				CLANG_WARN_INT_CONVERSION = YES;
				CLANG_WARN_OBJC_ROOT_CLASS = YES_ERROR;
				CLANG_WARN_SUSPICIOUS_MOVE = YES;
				CLANG_WARN_UNREACHABLE_CODE = YES;
				CLANG_WARN__DUPLICATE_METHOD_MATCH = YES;
				"CODE_SIGN_IDENTITY[sdk=iphoneos*]" = "iPhone Developer";
				COPY_PHASE_STRIP = NO;
				DEBUG_INFORMATION_FORMAT = "dwarf-with-dsym";
				ENABLE_NS_ASSERTIONS = NO;
				ENABLE_STRICT_OBJC_MSGSEND = YES;
				GCC_C_LANGUAGE_STANDARD = gnu99;
				GCC_NO_COMMON_BLOCKS = YES;
				GCC_WARN_64_TO_32_BIT_CONVERSION = YES;
				GCC_WARN_ABOUT_RETURN_TYPE = YES_ERROR;
				GCC_WARN_UNDECLARED_SELECTOR = YES;
				GCC_WARN_UNINITIALIZED_AUTOS = YES_AGGRESSIVE;
				GCC_WARN_UNUSED_FUNCTION = YES;
				GCC_WARN_UNUSED_VARIABLE = YES;
				IPHONEOS_DEPLOYMENT_TARGET = 10.2;
				MTL_ENABLE_DEBUG_INFO = NO;
				SDKROOT = iphoneos;
				SWIFT_OPTIMIZATION_LEVEL = "-Owholemodule";
				VALIDATE_PRODUCT = YES;
			};
			name = Release;
		};
		1F85DCDD1E375C4000EAED8A /* Debug */ = {
			isa = XCBuildConfiguration;
			baseConfigurationReference = 795A3933A542E55E1C012AC9 /* Pods-helpMe.debug.xcconfig */;
			buildSettings = {
				ASSETCATALOG_COMPILER_APPICON_NAME = AppIcon;
				DEVELOPMENT_TEAM = 84V739CU2U;
				FRAMEWORK_SEARCH_PATHS = (
					"$(inherited)",
					"$(PROJECT_DIR)/build/Debug-iphoneos/AKMaskField",
				);
				INFOPLIST_FILE = helpMe/Info.plist;
				IPHONEOS_DEPLOYMENT_TARGET = 9.0;
				LD_RUNPATH_SEARCH_PATHS = "$(inherited) @executable_path/Frameworks";
				PRODUCT_BUNDLE_IDENTIFIER = gariken.helpMe;
				PRODUCT_NAME = "$(TARGET_NAME)";
				SWIFT_VERSION = 3.0;
				TARGETED_DEVICE_FAMILY = 1;
			};
			name = Debug;
		};
		1F85DCDE1E375C4000EAED8A /* Release */ = {
			isa = XCBuildConfiguration;
			baseConfigurationReference = 0E014DA9576925F3F2E871FC /* Pods-helpMe.release.xcconfig */;
			buildSettings = {
				ASSETCATALOG_COMPILER_APPICON_NAME = AppIcon;
				DEVELOPMENT_TEAM = 84V739CU2U;
				FRAMEWORK_SEARCH_PATHS = (
					"$(inherited)",
					"$(PROJECT_DIR)/build/Debug-iphoneos/AKMaskField",
				);
				INFOPLIST_FILE = helpMe/Info.plist;
				IPHONEOS_DEPLOYMENT_TARGET = 9.0;
				LD_RUNPATH_SEARCH_PATHS = "$(inherited) @executable_path/Frameworks";
				PRODUCT_BUNDLE_IDENTIFIER = gariken.helpMe;
				PRODUCT_NAME = "$(TARGET_NAME)";
				SWIFT_VERSION = 3.0;
				TARGETED_DEVICE_FAMILY = 1;
			};
			name = Release;
		};
		1F85DCE01E375C4000EAED8A /* Debug */ = {
			isa = XCBuildConfiguration;
			buildSettings = {
				ALWAYS_EMBED_SWIFT_STANDARD_LIBRARIES = YES;
				BUNDLE_LOADER = "$(TEST_HOST)";
				DEVELOPMENT_TEAM = 84V739CU2U;
				INFOPLIST_FILE = helpMeTests/Info.plist;
				LD_RUNPATH_SEARCH_PATHS = "$(inherited) @executable_path/Frameworks @loader_path/Frameworks";
				PRODUCT_BUNDLE_IDENTIFIER = gariken.helpMeTests;
				PRODUCT_NAME = "$(TARGET_NAME)";
				SWIFT_VERSION = 3.0;
				TEST_HOST = "$(BUILT_PRODUCTS_DIR)/helpMe.app/helpMe";
			};
			name = Debug;
		};
		1F85DCE11E375C4000EAED8A /* Release */ = {
			isa = XCBuildConfiguration;
			buildSettings = {
				ALWAYS_EMBED_SWIFT_STANDARD_LIBRARIES = YES;
				BUNDLE_LOADER = "$(TEST_HOST)";
				DEVELOPMENT_TEAM = 84V739CU2U;
				INFOPLIST_FILE = helpMeTests/Info.plist;
				LD_RUNPATH_SEARCH_PATHS = "$(inherited) @executable_path/Frameworks @loader_path/Frameworks";
				PRODUCT_BUNDLE_IDENTIFIER = gariken.helpMeTests;
				PRODUCT_NAME = "$(TARGET_NAME)";
				SWIFT_VERSION = 3.0;
				TEST_HOST = "$(BUILT_PRODUCTS_DIR)/helpMe.app/helpMe";
			};
			name = Release;
		};
		1F85DCE31E375C4000EAED8A /* Debug */ = {
			isa = XCBuildConfiguration;
			buildSettings = {
				ALWAYS_EMBED_SWIFT_STANDARD_LIBRARIES = YES;
				DEVELOPMENT_TEAM = 84V739CU2U;
				INFOPLIST_FILE = helpMeUITests/Info.plist;
				LD_RUNPATH_SEARCH_PATHS = "$(inherited) @executable_path/Frameworks @loader_path/Frameworks";
				PRODUCT_BUNDLE_IDENTIFIER = gariken.helpMeUITests;
				PRODUCT_NAME = "$(TARGET_NAME)";
				SWIFT_VERSION = 3.0;
				TEST_TARGET_NAME = helpMe;
			};
			name = Debug;
		};
		1F85DCE41E375C4000EAED8A /* Release */ = {
			isa = XCBuildConfiguration;
			buildSettings = {
				ALWAYS_EMBED_SWIFT_STANDARD_LIBRARIES = YES;
				DEVELOPMENT_TEAM = 84V739CU2U;
				INFOPLIST_FILE = helpMeUITests/Info.plist;
				LD_RUNPATH_SEARCH_PATHS = "$(inherited) @executable_path/Frameworks @loader_path/Frameworks";
				PRODUCT_BUNDLE_IDENTIFIER = gariken.helpMeUITests;
				PRODUCT_NAME = "$(TARGET_NAME)";
				SWIFT_VERSION = 3.0;
				TEST_TARGET_NAME = helpMe;
			};
			name = Release;
		};
/* End XCBuildConfiguration section */

/* Begin XCConfigurationList section */
		1F749C711E89419400D80776 /* Build configuration list for PBXNativeTarget "HelpMe Extension" */ = {
			isa = XCConfigurationList;
			buildConfigurations = (
				1F749C6F1E89419400D80776 /* Debug */,
				1F749C701E89419400D80776 /* Release */,
			);
			defaultConfigurationIsVisible = 0;
			defaultConfigurationName = Release;
		};
		1F749C731E89419400D80776 /* Build configuration list for PBXNativeTarget "HelpMe" */ = {
			isa = XCConfigurationList;
			buildConfigurations = (
				1F749C6D1E89419400D80776 /* Debug */,
				1F749C6E1E89419400D80776 /* Release */,
			);
			defaultConfigurationIsVisible = 0;
			defaultConfigurationName = Release;
		};
		1F85DCAC1E375C4000EAED8A /* Build configuration list for PBXProject "helpMe" */ = {
			isa = XCConfigurationList;
			buildConfigurations = (
				1F85DCDA1E375C4000EAED8A /* Debug */,
				1F85DCDB1E375C4000EAED8A /* Release */,
			);
			defaultConfigurationIsVisible = 0;
			defaultConfigurationName = Release;
		};
		1F85DCDC1E375C4000EAED8A /* Build configuration list for PBXNativeTarget "helpMe" */ = {
			isa = XCConfigurationList;
			buildConfigurations = (
				1F85DCDD1E375C4000EAED8A /* Debug */,
				1F85DCDE1E375C4000EAED8A /* Release */,
			);
			defaultConfigurationIsVisible = 0;
			defaultConfigurationName = Release;
		};
		1F85DCDF1E375C4000EAED8A /* Build configuration list for PBXNativeTarget "helpMeTests" */ = {
			isa = XCConfigurationList;
			buildConfigurations = (
				1F85DCE01E375C4000EAED8A /* Debug */,
				1F85DCE11E375C4000EAED8A /* Release */,
			);
			defaultConfigurationIsVisible = 0;
			defaultConfigurationName = Release;
		};
		1F85DCE21E375C4000EAED8A /* Build configuration list for PBXNativeTarget "helpMeUITests" */ = {
			isa = XCConfigurationList;
			buildConfigurations = (
				1F85DCE31E375C4000EAED8A /* Debug */,
				1F85DCE41E375C4000EAED8A /* Release */,
			);
			defaultConfigurationIsVisible = 0;
			defaultConfigurationName = Release;
		};
/* End XCConfigurationList section */

/* Begin XCVersionGroup section */
		1F85DCBB1E375C4000EAED8A /* helpMe.xcdatamodeld */ = {
			isa = XCVersionGroup;
			children = (
				1F85DCBC1E375C4000EAED8A /* helpMe.xcdatamodel */,
			);
			currentVersion = 1F85DCBC1E375C4000EAED8A /* helpMe.xcdatamodel */;
			path = helpMe.xcdatamodeld;
			sourceTree = "<group>";
			versionGroupType = wrapper.xcdatamodel;
		};
/* End XCVersionGroup section */
	};
	rootObject = 1F85DCA91E375C4000EAED8A /* Project object */;
}
