// !$*UTF8*$!
{
	archiveVersion = 1;
	classes = {
	};
	objectVersion = 46;
	objects = {

/* Begin PBXBuildFile section */
		1FEEC9561E6F714C00FF2E8D /* AppDelegate.swift in Sources */ = {isa = PBXBuildFile; fileRef = 1FEEC9551E6F714C00FF2E8D /* AppDelegate.swift */; };
		1FEEC9581E6F714C00FF2E8D /* ViewController.swift in Sources */ = {isa = PBXBuildFile; fileRef = 1FEEC9571E6F714C00FF2E8D /* ViewController.swift */; };
		1FEEC95B1E6F714C00FF2E8D /* Main.storyboard in Resources */ = {isa = PBXBuildFile; fileRef = 1FEEC9591E6F714C00FF2E8D /* Main.storyboard */; };
		1FEEC95D1E6F714C00FF2E8D /* Assets.xcassets in Resources */ = {isa = PBXBuildFile; fileRef = 1FEEC95C1E6F714C00FF2E8D /* Assets.xcassets */; };
		1FEEC9601E6F714C00FF2E8D /* LaunchScreen.storyboard in Resources */ = {isa = PBXBuildFile; fileRef = 1FEEC95E1E6F714C00FF2E8D /* LaunchScreen.storyboard */; };
		1FEEC9651E6F714C00FF2E8D /* helpMe WatchKit App.app in Embed Watch Content */ = {isa = PBXBuildFile; fileRef = 1FEEC9641E6F714C00FF2E8D /* helpMe WatchKit App.app */; };
		1FEEC96B1E6F714C00FF2E8D /* Interface.storyboard in Resources */ = {isa = PBXBuildFile; fileRef = 1FEEC9691E6F714C00FF2E8D /* Interface.storyboard */; };
		1FEEC96D1E6F714C00FF2E8D /* Assets.xcassets in Resources */ = {isa = PBXBuildFile; fileRef = 1FEEC96C1E6F714C00FF2E8D /* Assets.xcassets */; };
		1FEEC9741E6F714C00FF2E8D /* helpMe WatchKit Extension.appex in Embed App Extensions */ = {isa = PBXBuildFile; fileRef = 1FEEC9731E6F714C00FF2E8D /* helpMe WatchKit Extension.appex */; settings = {ATTRIBUTES = (RemoveHeadersOnCopy, ); }; };
		1FEEC97B1E6F714C00FF2E8D /* InterfaceController.swift in Sources */ = {isa = PBXBuildFile; fileRef = 1FEEC97A1E6F714C00FF2E8D /* InterfaceController.swift */; };
		1FEEC97D1E6F714C00FF2E8D /* ExtensionDelegate.swift in Sources */ = {isa = PBXBuildFile; fileRef = 1FEEC97C1E6F714C00FF2E8D /* ExtensionDelegate.swift */; };
		1FEEC97F1E6F714C00FF2E8D /* NotificationController.swift in Sources */ = {isa = PBXBuildFile; fileRef = 1FEEC97E1E6F714C00FF2E8D /* NotificationController.swift */; };
		1FEEC9811E6F714C00FF2E8D /* Assets.xcassets in Resources */ = {isa = PBXBuildFile; fileRef = 1FEEC9801E6F714C00FF2E8D /* Assets.xcassets */; };
/* End PBXBuildFile section */

/* Begin PBXContainerItemProxy section */
		1FEEC9661E6F714C00FF2E8D /* PBXContainerItemProxy */ = {
			isa = PBXContainerItemProxy;
			containerPortal = 1FEEC94A1E6F714C00FF2E8D /* Project object */;
			proxyType = 1;
			remoteGlobalIDString = 1FEEC9631E6F714C00FF2E8D;
			remoteInfo = "helpMe WatchKit App";
		};
		1FEEC9751E6F714C00FF2E8D /* PBXContainerItemProxy */ = {
			isa = PBXContainerItemProxy;
			containerPortal = 1FEEC94A1E6F714C00FF2E8D /* Project object */;
			proxyType = 1;
			remoteGlobalIDString = 1FEEC9721E6F714C00FF2E8D;
			remoteInfo = "helpMe WatchKit Extension";
		};
/* End PBXContainerItemProxy section */

/* Begin PBXCopyFilesBuildPhase section */
		1FEEC9881E6F714C00FF2E8D /* Embed App Extensions */ = {
			isa = PBXCopyFilesBuildPhase;
			buildActionMask = 2147483647;
			dstPath = "";
			dstSubfolderSpec = 13;
			files = (
				1FEEC9741E6F714C00FF2E8D /* helpMe WatchKit Extension.appex in Embed App Extensions */,
			);
			name = "Embed App Extensions";
			runOnlyForDeploymentPostprocessing = 0;
		};
		1FEEC98C1E6F714C00FF2E8D /* Embed Watch Content */ = {
			isa = PBXCopyFilesBuildPhase;
			buildActionMask = 2147483647;
			dstPath = "$(CONTENTS_FOLDER_PATH)/Watch";
			dstSubfolderSpec = 16;
			files = (
				1FEEC9651E6F714C00FF2E8D /* helpMe WatchKit App.app in Embed Watch Content */,
			);
			name = "Embed Watch Content";
			runOnlyForDeploymentPostprocessing = 0;
		};
/* End PBXCopyFilesBuildPhase section */

/* Begin PBXFileReference section */
		1FEEC9521E6F714C00FF2E8D /* helpMe.app */ = {isa = PBXFileReference; explicitFileType = wrapper.application; includeInIndex = 0; path = helpMe.app; sourceTree = BUILT_PRODUCTS_DIR; };
		1FEEC9551E6F714C00FF2E8D /* AppDelegate.swift */ = {isa = PBXFileReference; lastKnownFileType = sourcecode.swift; path = AppDelegate.swift; sourceTree = "<group>"; };
		1FEEC9571E6F714C00FF2E8D /* ViewController.swift */ = {isa = PBXFileReference; lastKnownFileType = sourcecode.swift; path = ViewController.swift; sourceTree = "<group>"; };
		1FEEC95A1E6F714C00FF2E8D /* Base */ = {isa = PBXFileReference; lastKnownFileType = file.storyboard; name = Base; path = Base.lproj/Main.storyboard; sourceTree = "<group>"; };
		1FEEC95C1E6F714C00FF2E8D /* Assets.xcassets */ = {isa = PBXFileReference; lastKnownFileType = folder.assetcatalog; path = Assets.xcassets; sourceTree = "<group>"; };
		1FEEC95F1E6F714C00FF2E8D /* Base */ = {isa = PBXFileReference; lastKnownFileType = file.storyboard; name = Base; path = Base.lproj/LaunchScreen.storyboard; sourceTree = "<group>"; };
		1FEEC9611E6F714C00FF2E8D /* Info.plist */ = {isa = PBXFileReference; lastKnownFileType = text.plist.xml; path = Info.plist; sourceTree = "<group>"; };
		1FEEC9641E6F714C00FF2E8D /* helpMe WatchKit App.app */ = {isa = PBXFileReference; explicitFileType = wrapper.application; includeInIndex = 0; path = "helpMe WatchKit App.app"; sourceTree = BUILT_PRODUCTS_DIR; };
		1FEEC96A1E6F714C00FF2E8D /* Base */ = {isa = PBXFileReference; lastKnownFileType = file.storyboard; name = Base; path = Base.lproj/Interface.storyboard; sourceTree = "<group>"; };
		1FEEC96C1E6F714C00FF2E8D /* Assets.xcassets */ = {isa = PBXFileReference; lastKnownFileType = folder.assetcatalog; path = Assets.xcassets; sourceTree = "<group>"; };
		1FEEC96E1E6F714C00FF2E8D /* Info.plist */ = {isa = PBXFileReference; lastKnownFileType = text.plist.xml; path = Info.plist; sourceTree = "<group>"; };
		1FEEC9731E6F714C00FF2E8D /* helpMe WatchKit Extension.appex */ = {isa = PBXFileReference; explicitFileType = "wrapper.app-extension"; includeInIndex = 0; path = "helpMe WatchKit Extension.appex"; sourceTree = BUILT_PRODUCTS_DIR; };
		1FEEC9791E6F714C00FF2E8D /* PushNotificationPayload.apns */ = {isa = PBXFileReference; lastKnownFileType = text; path = PushNotificationPayload.apns; sourceTree = "<group>"; };
		1FEEC97A1E6F714C00FF2E8D /* InterfaceController.swift */ = {isa = PBXFileReference; lastKnownFileType = sourcecode.swift; path = InterfaceController.swift; sourceTree = "<group>"; };
		1FEEC97C1E6F714C00FF2E8D /* ExtensionDelegate.swift */ = {isa = PBXFileReference; lastKnownFileType = sourcecode.swift; path = ExtensionDelegate.swift; sourceTree = "<group>"; };
		1FEEC97E1E6F714C00FF2E8D /* NotificationController.swift */ = {isa = PBXFileReference; lastKnownFileType = sourcecode.swift; path = NotificationController.swift; sourceTree = "<group>"; };
		1FEEC9801E6F714C00FF2E8D /* Assets.xcassets */ = {isa = PBXFileReference; lastKnownFileType = folder.assetcatalog; path = Assets.xcassets; sourceTree = "<group>"; };
		1FEEC9821E6F714C00FF2E8D /* Info.plist */ = {isa = PBXFileReference; lastKnownFileType = text.plist.xml; path = Info.plist; sourceTree = "<group>"; };
/* End PBXFileReference section */

/* Begin PBXFrameworksBuildPhase section */
		1FEEC94F1E6F714C00FF2E8D /* Frameworks */ = {
			isa = PBXFrameworksBuildPhase;
			buildActionMask = 2147483647;
			files = (
			);
			runOnlyForDeploymentPostprocessing = 0;
		};
		1FEEC9701E6F714C00FF2E8D /* Frameworks */ = {
			isa = PBXFrameworksBuildPhase;
			buildActionMask = 2147483647;
			files = (
			);
			runOnlyForDeploymentPostprocessing = 0;
		};
/* End PBXFrameworksBuildPhase section */

/* Begin PBXGroup section */
		1FEEC9491E6F714C00FF2E8D = {
			isa = PBXGroup;
			children = (
				1FEEC9541E6F714C00FF2E8D /* helpMe */,
				1FEEC9681E6F714C00FF2E8D /* helpMe WatchKit App */,
				1FEEC9771E6F714C00FF2E8D /* helpMe WatchKit Extension */,
				1FEEC9531E6F714C00FF2E8D /* Products */,
			);
			sourceTree = "<group>";
		};
		1FEEC9531E6F714C00FF2E8D /* Products */ = {
			isa = PBXGroup;
			children = (
				1FEEC9521E6F714C00FF2E8D /* helpMe.app */,
				1FEEC9641E6F714C00FF2E8D /* helpMe WatchKit App.app */,
				1FEEC9731E6F714C00FF2E8D /* helpMe WatchKit Extension.appex */,
			);
			name = Products;
			sourceTree = "<group>";
		};
		1FEEC9541E6F714C00FF2E8D /* helpMe */ = {
			isa = PBXGroup;
			children = (
				1FEEC9551E6F714C00FF2E8D /* AppDelegate.swift */,
				1FEEC9571E6F714C00FF2E8D /* ViewController.swift */,
				1FEEC9591E6F714C00FF2E8D /* Main.storyboard */,
				1FEEC95C1E6F714C00FF2E8D /* Assets.xcassets */,
				1FEEC95E1E6F714C00FF2E8D /* LaunchScreen.storyboard */,
				1FEEC9611E6F714C00FF2E8D /* Info.plist */,
			);
			path = helpMe;
			sourceTree = "<group>";
		};
		1FEEC9681E6F714C00FF2E8D /* helpMe WatchKit App */ = {
			isa = PBXGroup;
			children = (
				1FEEC9691E6F714C00FF2E8D /* Interface.storyboard */,
				1FEEC96C1E6F714C00FF2E8D /* Assets.xcassets */,
				1FEEC96E1E6F714C00FF2E8D /* Info.plist */,
			);
			path = "helpMe WatchKit App";
			sourceTree = "<group>";
		};
		1FEEC9771E6F714C00FF2E8D /* helpMe WatchKit Extension */ = {
			isa = PBXGroup;
			children = (
				1FEEC97A1E6F714C00FF2E8D /* InterfaceController.swift */,
				1FEEC97C1E6F714C00FF2E8D /* ExtensionDelegate.swift */,
				1FEEC97E1E6F714C00FF2E8D /* NotificationController.swift */,
				1FEEC9801E6F714C00FF2E8D /* Assets.xcassets */,
				1FEEC9821E6F714C00FF2E8D /* Info.plist */,
				1FEEC9781E6F714C00FF2E8D /* Supporting Files */,
			);
			path = "helpMe WatchKit Extension";
			sourceTree = "<group>";
		};
		1FEEC9781E6F714C00FF2E8D /* Supporting Files */ = {
			isa = PBXGroup;
			children = (
				1FEEC9791E6F714C00FF2E8D /* PushNotificationPayload.apns */,
			);
			name = "Supporting Files";
			sourceTree = "<group>";
		};
/* End PBXGroup section */

/* Begin PBXNativeTarget section */
		1FEEC9511E6F714C00FF2E8D /* helpMe */ = {
			isa = PBXNativeTarget;
			buildConfigurationList = 1FEEC98D1E6F714C00FF2E8D /* Build configuration list for PBXNativeTarget "helpMe" */;
			buildPhases = (
				1FEEC94E1E6F714C00FF2E8D /* Sources */,
				1FEEC94F1E6F714C00FF2E8D /* Frameworks */,
				1FEEC9501E6F714C00FF2E8D /* Resources */,
				1FEEC98C1E6F714C00FF2E8D /* Embed Watch Content */,
			);
			buildRules = (
			);
			dependencies = (
				1FEEC9671E6F714C00FF2E8D /* PBXTargetDependency */,
			);
			name = helpMe;
			productName = helpMe;
			productReference = 1FEEC9521E6F714C00FF2E8D /* helpMe.app */;
			productType = "com.apple.product-type.application";
		};
		1FEEC9631E6F714C00FF2E8D /* helpMe WatchKit App */ = {
			isa = PBXNativeTarget;
			buildConfigurationList = 1FEEC9891E6F714C00FF2E8D /* Build configuration list for PBXNativeTarget "helpMe WatchKit App" */;
			buildPhases = (
				1FEEC9621E6F714C00FF2E8D /* Resources */,
				1FEEC9881E6F714C00FF2E8D /* Embed App Extensions */,
			);
			buildRules = (
			);
			dependencies = (
				1FEEC9761E6F714C00FF2E8D /* PBXTargetDependency */,
			);
			name = "helpMe WatchKit App";
			productName = "helpMe WatchKit App";
			productReference = 1FEEC9641E6F714C00FF2E8D /* helpMe WatchKit App.app */;
			productType = "com.apple.product-type.application.watchapp2";
		};
		1FEEC9721E6F714C00FF2E8D /* helpMe WatchKit Extension */ = {
			isa = PBXNativeTarget;
			buildConfigurationList = 1FEEC9851E6F714C00FF2E8D /* Build configuration list for PBXNativeTarget "helpMe WatchKit Extension" */;
			buildPhases = (
				1FEEC96F1E6F714C00FF2E8D /* Sources */,
				1FEEC9701E6F714C00FF2E8D /* Frameworks */,
				1FEEC9711E6F714C00FF2E8D /* Resources */,
			);
			buildRules = (
			);
			dependencies = (
			);
			name = "helpMe WatchKit Extension";
			productName = "helpMe WatchKit Extension";
			productReference = 1FEEC9731E6F714C00FF2E8D /* helpMe WatchKit Extension.appex */;
			productType = "com.apple.product-type.watchkit2-extension";
		};
/* End PBXNativeTarget section */

/* Begin PBXProject section */
		1FEEC94A1E6F714C00FF2E8D /* Project object */ = {
			isa = PBXProject;
			attributes = {
				LastSwiftUpdateCheck = 0820;
				LastUpgradeCheck = 0820;
				ORGANIZATIONNAME = "Александр";
				TargetAttributes = {
					1FEEC9511E6F714C00FF2E8D = {
						CreatedOnToolsVersion = 8.2;
						DevelopmentTeam = 84V739CU2U;
						ProvisioningStyle = Automatic;
					};
					1FEEC9631E6F714C00FF2E8D = {
						CreatedOnToolsVersion = 8.2;
						DevelopmentTeam = 84V739CU2U;
						ProvisioningStyle = Automatic;
					};
					1FEEC9721E6F714C00FF2E8D = {
						CreatedOnToolsVersion = 8.2;
						DevelopmentTeam = 84V739CU2U;
						ProvisioningStyle = Automatic;
					};
				};
			};
			buildConfigurationList = 1FEEC94D1E6F714C00FF2E8D /* Build configuration list for PBXProject "helpMe" */;
			compatibilityVersion = "Xcode 3.2";
			developmentRegion = English;
			hasScannedForEncodings = 0;
			knownRegions = (
				en,
				Base,
			);
			mainGroup = 1FEEC9491E6F714C00FF2E8D;
			productRefGroup = 1FEEC9531E6F714C00FF2E8D /* Products */;
			projectDirPath = "";
			projectRoot = "";
			targets = (
				1FEEC9511E6F714C00FF2E8D /* helpMe */,
				1FEEC9631E6F714C00FF2E8D /* helpMe WatchKit App */,
				1FEEC9721E6F714C00FF2E8D /* helpMe WatchKit Extension */,
			);
		};
/* End PBXProject section */

/* Begin PBXResourcesBuildPhase section */
		1FEEC9501E6F714C00FF2E8D /* Resources */ = {
			isa = PBXResourcesBuildPhase;
			buildActionMask = 2147483647;
			files = (
				1FEEC9601E6F714C00FF2E8D /* LaunchScreen.storyboard in Resources */,
				1FEEC95D1E6F714C00FF2E8D /* Assets.xcassets in Resources */,
				1FEEC95B1E6F714C00FF2E8D /* Main.storyboard in Resources */,
			);
			runOnlyForDeploymentPostprocessing = 0;
		};
		1FEEC9621E6F714C00FF2E8D /* Resources */ = {
			isa = PBXResourcesBuildPhase;
			buildActionMask = 2147483647;
			files = (
				1FEEC96D1E6F714C00FF2E8D /* Assets.xcassets in Resources */,
				1FEEC96B1E6F714C00FF2E8D /* Interface.storyboard in Resources */,
			);
			runOnlyForDeploymentPostprocessing = 0;
		};
		1FEEC9711E6F714C00FF2E8D /* Resources */ = {
			isa = PBXResourcesBuildPhase;
			buildActionMask = 2147483647;
			files = (
				1FEEC9811E6F714C00FF2E8D /* Assets.xcassets in Resources */,
			);
			runOnlyForDeploymentPostprocessing = 0;
		};
/* End PBXResourcesBuildPhase section */

/* Begin PBXSourcesBuildPhase section */
		1FEEC94E1E6F714C00FF2E8D /* Sources */ = {
			isa = PBXSourcesBuildPhase;
			buildActionMask = 2147483647;
			files = (
				1FEEC9581E6F714C00FF2E8D /* ViewController.swift in Sources */,
				1FEEC9561E6F714C00FF2E8D /* AppDelegate.swift in Sources */,
			);
			runOnlyForDeploymentPostprocessing = 0;
		};
		1FEEC96F1E6F714C00FF2E8D /* Sources */ = {
			isa = PBXSourcesBuildPhase;
			buildActionMask = 2147483647;
			files = (
				1FEEC97F1E6F714C00FF2E8D /* NotificationController.swift in Sources */,
				1FEEC97D1E6F714C00FF2E8D /* ExtensionDelegate.swift in Sources */,
				1FEEC97B1E6F714C00FF2E8D /* InterfaceController.swift in Sources */,
			);
			runOnlyForDeploymentPostprocessing = 0;
		};
/* End PBXSourcesBuildPhase section */

/* Begin PBXTargetDependency section */
		1FEEC9671E6F714C00FF2E8D /* PBXTargetDependency */ = {
			isa = PBXTargetDependency;
			target = 1FEEC9631E6F714C00FF2E8D /* helpMe WatchKit App */;
			targetProxy = 1FEEC9661E6F714C00FF2E8D /* PBXContainerItemProxy */;
		};
		1FEEC9761E6F714C00FF2E8D /* PBXTargetDependency */ = {
			isa = PBXTargetDependency;
			target = 1FEEC9721E6F714C00FF2E8D /* helpMe WatchKit Extension */;
			targetProxy = 1FEEC9751E6F714C00FF2E8D /* PBXContainerItemProxy */;
		};
/* End PBXTargetDependency section */

/* Begin PBXVariantGroup section */
		1FEEC9591E6F714C00FF2E8D /* Main.storyboard */ = {
			isa = PBXVariantGroup;
			children = (
				1FEEC95A1E6F714C00FF2E8D /* Base */,
			);
			name = Main.storyboard;
			sourceTree = "<group>";
		};
		1FEEC95E1E6F714C00FF2E8D /* LaunchScreen.storyboard */ = {
			isa = PBXVariantGroup;
			children = (
				1FEEC95F1E6F714C00FF2E8D /* Base */,
			);
			name = LaunchScreen.storyboard;
			sourceTree = "<group>";
		};
		1FEEC9691E6F714C00FF2E8D /* Interface.storyboard */ = {
			isa = PBXVariantGroup;
			children = (
				1FEEC96A1E6F714C00FF2E8D /* Base */,
			);
			name = Interface.storyboard;
			sourceTree = "<group>";
		};
/* End PBXVariantGroup section */

/* Begin XCBuildConfiguration section */
		1FEEC9831E6F714C00FF2E8D /* Debug */ = {
			isa = XCBuildConfiguration;
			buildSettings = {
				ALWAYS_SEARCH_USER_PATHS = NO;
				CLANG_ANALYZER_NONNULL = YES;
				CLANG_CXX_LANGUAGE_STANDARD = "gnu++0x";
				CLANG_CXX_LIBRARY = "libc++";
				CLANG_ENABLE_MODULES = YES;
				CLANG_ENABLE_OBJC_ARC = YES;
				CLANG_WARN_BOOL_CONVERSION = YES;
				CLANG_WARN_CONSTANT_CONVERSION = YES;
				CLANG_WARN_DIRECT_OBJC_ISA_USAGE = YES_ERROR;
				CLANG_WARN_DOCUMENTATION_COMMENTS = YES;
				CLANG_WARN_EMPTY_BODY = YES;
				CLANG_WARN_ENUM_CONVERSION = YES;
				CLANG_WARN_INFINITE_RECURSION = YES;
				CLANG_WARN_INT_CONVERSION = YES;
				CLANG_WARN_OBJC_ROOT_CLASS = YES_ERROR;
				CLANG_WARN_SUSPICIOUS_MOVE = YES;
				CLANG_WARN_UNREACHABLE_CODE = YES;
				CLANG_WARN__DUPLICATE_METHOD_MATCH = YES;
				"CODE_SIGN_IDENTITY[sdk=iphoneos*]" = "iPhone Developer";
				COPY_PHASE_STRIP = NO;
				DEBUG_INFORMATION_FORMAT = dwarf;
				ENABLE_STRICT_OBJC_MSGSEND = YES;
				ENABLE_TESTABILITY = YES;
				GCC_C_LANGUAGE_STANDARD = gnu99;
				GCC_DYNAMIC_NO_PIC = NO;
				GCC_NO_COMMON_BLOCKS = YES;
				GCC_OPTIMIZATION_LEVEL = 0;
				GCC_PREPROCESSOR_DEFINITIONS = (
					"DEBUG=1",
					"$(inherited)",
				);
				GCC_WARN_64_TO_32_BIT_CONVERSION = YES;
				GCC_WARN_ABOUT_RETURN_TYPE = YES_ERROR;
				GCC_WARN_UNDECLARED_SELECTOR = YES;
				GCC_WARN_UNINITIALIZED_AUTOS = YES_AGGRESSIVE;
				GCC_WARN_UNUSED_FUNCTION = YES;
				GCC_WARN_UNUSED_VARIABLE = YES;
				IPHONEOS_DEPLOYMENT_TARGET = 10.2;
				MTL_ENABLE_DEBUG_INFO = YES;
				ONLY_ACTIVE_ARCH = YES;
				SDKROOT = iphoneos;
				SWIFT_ACTIVE_COMPILATION_CONDITIONS = DEBUG;
				SWIFT_OPTIMIZATION_LEVEL = "-Onone";
			};
			name = Debug;
		};
		1FEEC9841E6F714C00FF2E8D /* Release */ = {
			isa = XCBuildConfiguration;
			buildSettings = {
				ALWAYS_SEARCH_USER_PATHS = NO;
				CLANG_ANALYZER_NONNULL = YES;
				CLANG_CXX_LANGUAGE_STANDARD = "gnu++0x";
				CLANG_CXX_LIBRARY = "libc++";
				CLANG_ENABLE_MODULES = YES;
				CLANG_ENABLE_OBJC_ARC = YES;
				CLANG_WARN_BOOL_CONVERSION = YES;
				CLANG_WARN_CONSTANT_CONVERSION = YES;
				CLANG_WARN_DIRECT_OBJC_ISA_USAGE = YES_ERROR;
				CLANG_WARN_DOCUMENTATION_COMMENTS = YES;
				CLANG_WARN_EMPTY_BODY = YES;
				CLANG_WARN_ENUM_CONVERSION = YES;
				CLANG_WARN_INFINITE_RECURSION = YES;
				CLANG_WARN_INT_CONVERSION = YES;
				CLANG_WARN_OBJC_ROOT_CLASS = YES_ERROR;
				CLANG_WARN_SUSPICIOUS_MOVE = YES;
				CLANG_WARN_UNREACHABLE_CODE = YES;
				CLANG_WARN__DUPLICATE_METHOD_MATCH = YES;
				"CODE_SIGN_IDENTITY[sdk=iphoneos*]" = "iPhone Developer";
				COPY_PHASE_STRIP = NO;
				DEBUG_INFORMATION_FORMAT = "dwarf-with-dsym";
				ENABLE_NS_ASSERTIONS = NO;
				ENABLE_STRICT_OBJC_MSGSEND = YES;
				GCC_C_LANGUAGE_STANDARD = gnu99;
				GCC_NO_COMMON_BLOCKS = YES;
				GCC_WARN_64_TO_32_BIT_CONVERSION = YES;
				GCC_WARN_ABOUT_RETURN_TYPE = YES_ERROR;
				GCC_WARN_UNDECLARED_SELECTOR = YES;
				GCC_WARN_UNINITIALIZED_AUTOS = YES_AGGRESSIVE;
				GCC_WARN_UNUSED_FUNCTION = YES;
				GCC_WARN_UNUSED_VARIABLE = YES;
				IPHONEOS_DEPLOYMENT_TARGET = 10.2;
				MTL_ENABLE_DEBUG_INFO = NO;
				SDKROOT = iphoneos;
				SWIFT_OPTIMIZATION_LEVEL = "-Owholemodule";
				VALIDATE_PRODUCT = YES;
			};
			name = Release;
		};
		1FEEC9861E6F714C00FF2E8D /* Debug */ = {
			isa = XCBuildConfiguration;
			buildSettings = {
				ASSETCATALOG_COMPILER_COMPLICATION_NAME = Complication;
				DEVELOPMENT_TEAM = 84V739CU2U;
				INFOPLIST_FILE = "helpMe WatchKit Extension/Info.plist";
				LD_RUNPATH_SEARCH_PATHS = "$(inherited) @executable_path/Frameworks @executable_path/../../Frameworks";
				PRODUCT_BUNDLE_IDENTIFIER = gariken.helpMe.watchkitapp.watchkitextension;
				PRODUCT_NAME = "${TARGET_NAME}";
				SDKROOT = watchos;
				SKIP_INSTALL = YES;
				SWIFT_VERSION = 3.0;
				TARGETED_DEVICE_FAMILY = 4;
				WATCHOS_DEPLOYMENT_TARGET = 3.1;
			};
			name = Debug;
		};
		1FEEC9871E6F714C00FF2E8D /* Release */ = {
			isa = XCBuildConfiguration;
			buildSettings = {
				ASSETCATALOG_COMPILER_COMPLICATION_NAME = Complication;
				DEVELOPMENT_TEAM = 84V739CU2U;
				INFOPLIST_FILE = "helpMe WatchKit Extension/Info.plist";
				LD_RUNPATH_SEARCH_PATHS = "$(inherited) @executable_path/Frameworks @executable_path/../../Frameworks";
				PRODUCT_BUNDLE_IDENTIFIER = gariken.helpMe.watchkitapp.watchkitextension;
				PRODUCT_NAME = "${TARGET_NAME}";
				SDKROOT = watchos;
				SKIP_INSTALL = YES;
				SWIFT_VERSION = 3.0;
				TARGETED_DEVICE_FAMILY = 4;
				WATCHOS_DEPLOYMENT_TARGET = 3.1;
			};
			name = Release;
		};
		1FEEC98A1E6F714C00FF2E8D /* Debug */ = {
			isa = XCBuildConfiguration;
			buildSettings = {
				ALWAYS_EMBED_SWIFT_STANDARD_LIBRARIES = YES;
				ASSETCATALOG_COMPILER_APPICON_NAME = AppIcon;
				DEVELOPMENT_TEAM = 84V739CU2U;
				IBSC_MODULE = helpMe_WatchKit_Extension;
				INFOPLIST_FILE = "helpMe WatchKit App/Info.plist";
				PRODUCT_BUNDLE_IDENTIFIER = gariken.helpMe.watchkitapp;
				PRODUCT_NAME = "$(TARGET_NAME)";
				SDKROOT = watchos;
				SKIP_INSTALL = YES;
				SWIFT_VERSION = 3.0;
				TARGETED_DEVICE_FAMILY = 4;
				WATCHOS_DEPLOYMENT_TARGET = 3.1;
			};
			name = Debug;
		};
		1FEEC98B1E6F714C00FF2E8D /* Release */ = {
			isa = XCBuildConfiguration;
			buildSettings = {
				ALWAYS_EMBED_SWIFT_STANDARD_LIBRARIES = YES;
				ASSETCATALOG_COMPILER_APPICON_NAME = AppIcon;
				DEVELOPMENT_TEAM = 84V739CU2U;
				IBSC_MODULE = helpMe_WatchKit_Extension;
				INFOPLIST_FILE = "helpMe WatchKit App/Info.plist";
				PRODUCT_BUNDLE_IDENTIFIER = gariken.helpMe.watchkitapp;
				PRODUCT_NAME = "$(TARGET_NAME)";
				SDKROOT = watchos;
				SKIP_INSTALL = YES;
				SWIFT_VERSION = 3.0;
				TARGETED_DEVICE_FAMILY = 4;
				WATCHOS_DEPLOYMENT_TARGET = 3.1;
			};
			name = Release;
		};
		1FEEC98E1E6F714C00FF2E8D /* Debug */ = {
			isa = XCBuildConfiguration;
			buildSettings = {
				ASSETCATALOG_COMPILER_APPICON_NAME = AppIcon;
				DEVELOPMENT_TEAM = 84V739CU2U;
				INFOPLIST_FILE = helpMe/Info.plist;
				LD_RUNPATH_SEARCH_PATHS = "$(inherited) @executable_path/Frameworks";
				PRODUCT_BUNDLE_IDENTIFIER = gariken.helpMe;
				PRODUCT_NAME = "$(TARGET_NAME)";
				SWIFT_VERSION = 3.0;
			};
			name = Debug;
		};
		1FEEC98F1E6F714C00FF2E8D /* Release */ = {
			isa = XCBuildConfiguration;
			buildSettings = {
				ASSETCATALOG_COMPILER_APPICON_NAME = AppIcon;
				DEVELOPMENT_TEAM = 84V739CU2U;
				INFOPLIST_FILE = helpMe/Info.plist;
				LD_RUNPATH_SEARCH_PATHS = "$(inherited) @executable_path/Frameworks";
				PRODUCT_BUNDLE_IDENTIFIER = gariken.helpMe;
				PRODUCT_NAME = "$(TARGET_NAME)";
				SWIFT_VERSION = 3.0;
			};
			name = Release;
		};
/* End XCBuildConfiguration section */

/* Begin XCConfigurationList section */
		1FEEC94D1E6F714C00FF2E8D /* Build configuration list for PBXProject "helpMe" */ = {
			isa = XCConfigurationList;
			buildConfigurations = (
				1FEEC9831E6F714C00FF2E8D /* Debug */,
				1FEEC9841E6F714C00FF2E8D /* Release */,
			);
			defaultConfigurationIsVisible = 0;
			defaultConfigurationName = Release;
		};
		1FEEC9851E6F714C00FF2E8D /* Build configuration list for PBXNativeTarget "helpMe WatchKit Extension" */ = {
			isa = XCConfigurationList;
			buildConfigurations = (
				1FEEC9861E6F714C00FF2E8D /* Debug */,
				1FEEC9871E6F714C00FF2E8D /* Release */,
			);
			defaultConfigurationIsVisible = 0;
			defaultConfigurationName = Release;
		};
		1FEEC9891E6F714C00FF2E8D /* Build configuration list for PBXNativeTarget "helpMe WatchKit App" */ = {
			isa = XCConfigurationList;
			buildConfigurations = (
				1FEEC98A1E6F714C00FF2E8D /* Debug */,
				1FEEC98B1E6F714C00FF2E8D /* Release */,
			);
			defaultConfigurationIsVisible = 0;
			defaultConfigurationName = Release;
		};
		1FEEC98D1E6F714C00FF2E8D /* Build configuration list for PBXNativeTarget "helpMe" */ = {
			isa = XCConfigurationList;
			buildConfigurations = (
				1FEEC98E1E6F714C00FF2E8D /* Debug */,
				1FEEC98F1E6F714C00FF2E8D /* Release */,
			);
			defaultConfigurationIsVisible = 0;
			defaultConfigurationName = Release;
		};
/* End XCConfigurationList section */
	};
	rootObject = 1FEEC94A1E6F714C00FF2E8D /* Project object */;
}
