// !$*UTF8*$!
{
	archiveVersion = 1;
	classes = {
	};
	objectVersion = 46;
	objects = {

/* Begin PBXBuildFile section */
		1FA0B80D1E89DD490033F855 /* AppDelegate.swift in Sources */ = {isa = PBXBuildFile; fileRef = 1FA0B80C1E89DD490033F855 /* AppDelegate.swift */; };
		1FA0B80F1E89DD490033F855 /* ViewController.swift in Sources */ = {isa = PBXBuildFile; fileRef = 1FA0B80E1E89DD490033F855 /* ViewController.swift */; };
		1FA0B8121E89DD490033F855 /* Main.storyboard in Resources */ = {isa = PBXBuildFile; fileRef = 1FA0B8101E89DD490033F855 /* Main.storyboard */; };
		1FA0B8151E89DD490033F855 /* HelpMeSecurity.xcdatamodeld in Sources */ = {isa = PBXBuildFile; fileRef = 1FA0B8131E89DD490033F855 /* HelpMeSecurity.xcdatamodeld */; };
		1FA0B8171E89DD490033F855 /* Assets.xcassets in Resources */ = {isa = PBXBuildFile; fileRef = 1FA0B8161E89DD490033F855 /* Assets.xcassets */; };
		1FA0B81A1E89DD490033F855 /* LaunchScreen.storyboard in Resources */ = {isa = PBXBuildFile; fileRef = 1FA0B8181E89DD490033F855 /* LaunchScreen.storyboard */; };
/* End PBXBuildFile section */

/* Begin PBXFileReference section */
		1FA0B8091E89DD490033F855 /* HelpMeSecurity.app */ = {isa = PBXFileReference; explicitFileType = wrapper.application; includeInIndex = 0; path = HelpMeSecurity.app; sourceTree = BUILT_PRODUCTS_DIR; };
		1FA0B80C1E89DD490033F855 /* AppDelegate.swift */ = {isa = PBXFileReference; lastKnownFileType = sourcecode.swift; path = AppDelegate.swift; sourceTree = "<group>"; };
		1FA0B80E1E89DD490033F855 /* ViewController.swift */ = {isa = PBXFileReference; lastKnownFileType = sourcecode.swift; path = ViewController.swift; sourceTree = "<group>"; };
		1FA0B8111E89DD490033F855 /* Base */ = {isa = PBXFileReference; lastKnownFileType = file.storyboard; name = Base; path = Base.lproj/Main.storyboard; sourceTree = "<group>"; };
		1FA0B8141E89DD490033F855 /* HelpMeSecurity.xcdatamodel */ = {isa = PBXFileReference; lastKnownFileType = wrapper.xcdatamodel; path = HelpMeSecurity.xcdatamodel; sourceTree = "<group>"; };
		1FA0B8161E89DD490033F855 /* Assets.xcassets */ = {isa = PBXFileReference; lastKnownFileType = folder.assetcatalog; path = Assets.xcassets; sourceTree = "<group>"; };
		1FA0B8191E89DD490033F855 /* Base */ = {isa = PBXFileReference; lastKnownFileType = file.storyboard; name = Base; path = Base.lproj/LaunchScreen.storyboard; sourceTree = "<group>"; };
		1FA0B81B1E89DD490033F855 /* Info.plist */ = {isa = PBXFileReference; lastKnownFileType = text.plist.xml; path = Info.plist; sourceTree = "<group>"; };
/* End PBXFileReference section */

/* Begin PBXFrameworksBuildPhase section */
		1FA0B8061E89DD490033F855 /* Frameworks */ = {
			isa = PBXFrameworksBuildPhase;
			buildActionMask = 2147483647;
			files = (
			);
			runOnlyForDeploymentPostprocessing = 0;
		};
/* End PBXFrameworksBuildPhase section */

/* Begin PBXGroup section */
		1FA0B8001E89DD490033F855 = {
			isa = PBXGroup;
			children = (
				1FA0B80B1E89DD490033F855 /* HelpMeSecurity */,
				1FA0B80A1E89DD490033F855 /* Products */,
			);
			sourceTree = "<group>";
		};
		1FA0B80A1E89DD490033F855 /* Products */ = {
			isa = PBXGroup;
			children = (
				1FA0B8091E89DD490033F855 /* HelpMeSecurity.app */,
			);
			name = Products;
			sourceTree = "<group>";
		};
		1FA0B80B1E89DD490033F855 /* HelpMeSecurity */ = {
			isa = PBXGroup;
			children = (
				1FA0B80C1E89DD490033F855 /* AppDelegate.swift */,
				1FA0B80E1E89DD490033F855 /* ViewController.swift */,
				1FA0B8101E89DD490033F855 /* Main.storyboard */,
				1FA0B8161E89DD490033F855 /* Assets.xcassets */,
				1FA0B8181E89DD490033F855 /* LaunchScreen.storyboard */,
				1FA0B81B1E89DD490033F855 /* Info.plist */,
				1FA0B8131E89DD490033F855 /* HelpMeSecurity.xcdatamodeld */,
			);
			path = HelpMeSecurity;
			sourceTree = "<group>";
		};
/* End PBXGroup section */

/* Begin PBXNativeTarget section */
		1FA0B8081E89DD490033F855 /* HelpMeSecurity */ = {
			isa = PBXNativeTarget;
			buildConfigurationList = 1FA0B81E1E89DD490033F855 /* Build configuration list for PBXNativeTarget "HelpMeSecurity" */;
			buildPhases = (
				1FA0B8051E89DD490033F855 /* Sources */,
				1FA0B8061E89DD490033F855 /* Frameworks */,
				1FA0B8071E89DD490033F855 /* Resources */,
			);
			buildRules = (
			);
			dependencies = (
			);
			name = HelpMeSecurity;
			productName = HelpMeSecurity;
			productReference = 1FA0B8091E89DD490033F855 /* HelpMeSecurity.app */;
			productType = "com.apple.product-type.application";
		};
/* End PBXNativeTarget section */

/* Begin PBXProject section */
		1FA0B8011E89DD490033F855 /* Project object */ = {
			isa = PBXProject;
			attributes = {
				LastSwiftUpdateCheck = 0820;
				LastUpgradeCheck = 0820;
				ORGANIZATIONNAME = "Александр";
				TargetAttributes = {
					1FA0B8081E89DD490033F855 = {
						CreatedOnToolsVersion = 8.2;
						DevelopmentTeam = 84V739CU2U;
						ProvisioningStyle = Automatic;
					};
				};
			};
			buildConfigurationList = 1FA0B8041E89DD490033F855 /* Build configuration list for PBXProject "HelpMeSecurity" */;
			compatibilityVersion = "Xcode 3.2";
			developmentRegion = English;
			hasScannedForEncodings = 0;
			knownRegions = (
				en,
				Base,
			);
			mainGroup = 1FA0B8001E89DD490033F855;
			productRefGroup = 1FA0B80A1E89DD490033F855 /* Products */;
			projectDirPath = "";
			projectRoot = "";
			targets = (
				1FA0B8081E89DD490033F855 /* HelpMeSecurity */,
			);
		};
/* End PBXProject section */

/* Begin PBXResourcesBuildPhase section */
		1FA0B8071E89DD490033F855 /* Resources */ = {
			isa = PBXResourcesBuildPhase;
			buildActionMask = 2147483647;
			files = (
				1FA0B81A1E89DD490033F855 /* LaunchScreen.storyboard in Resources */,
				1FA0B8171E89DD490033F855 /* Assets.xcassets in Resources */,
				1FA0B8121E89DD490033F855 /* Main.storyboard in Resources */,
			);
			runOnlyForDeploymentPostprocessing = 0;
		};
/* End PBXResourcesBuildPhase section */

/* Begin PBXSourcesBuildPhase section */
		1FA0B8051E89DD490033F855 /* Sources */ = {
			isa = PBXSourcesBuildPhase;
			buildActionMask = 2147483647;
			files = (
				1FA0B80F1E89DD490033F855 /* ViewController.swift in Sources */,
				1FA0B8151E89DD490033F855 /* HelpMeSecurity.xcdatamodeld in Sources */,
				1FA0B80D1E89DD490033F855 /* AppDelegate.swift in Sources */,
			);
			runOnlyForDeploymentPostprocessing = 0;
		};
/* End PBXSourcesBuildPhase section */

/* Begin PBXVariantGroup section */
		1FA0B8101E89DD490033F855 /* Main.storyboard */ = {
			isa = PBXVariantGroup;
			children = (
				1FA0B8111E89DD490033F855 /* Base */,
			);
			name = Main.storyboard;
			sourceTree = "<group>";
		};
		1FA0B8181E89DD490033F855 /* LaunchScreen.storyboard */ = {
			isa = PBXVariantGroup;
			children = (
				1FA0B8191E89DD490033F855 /* Base */,
			);
			name = LaunchScreen.storyboard;
			sourceTree = "<group>";
		};
/* End PBXVariantGroup section */

/* Begin XCBuildConfiguration section */
		1FA0B81C1E89DD490033F855 /* Debug */ = {
			isa = XCBuildConfiguration;
			buildSettings = {
				ALWAYS_SEARCH_USER_PATHS = NO;
				CLANG_ANALYZER_NONNULL = YES;
				CLANG_CXX_LANGUAGE_STANDARD = "gnu++0x";
				CLANG_CXX_LIBRARY = "libc++";
				CLANG_ENABLE_MODULES = YES;
				CLANG_ENABLE_OBJC_ARC = YES;
				CLANG_WARN_BOOL_CONVERSION = YES;
				CLANG_WARN_CONSTANT_CONVERSION = YES;
				CLANG_WARN_DIRECT_OBJC_ISA_USAGE = YES_ERROR;
				CLANG_WARN_DOCUMENTATION_COMMENTS = YES;
				CLANG_WARN_EMPTY_BODY = YES;
				CLANG_WARN_ENUM_CONVERSION = YES;
				CLANG_WARN_INFINITE_RECURSION = YES;
				CLANG_WARN_INT_CONVERSION = YES;
				CLANG_WARN_OBJC_ROOT_CLASS = YES_ERROR;
				CLANG_WARN_SUSPICIOUS_MOVE = YES;
				CLANG_WARN_UNREACHABLE_CODE = YES;
				CLANG_WARN__DUPLICATE_METHOD_MATCH = YES;
				"CODE_SIGN_IDENTITY[sdk=iphoneos*]" = "iPhone Developer";
				COPY_PHASE_STRIP = NO;
				DEBUG_INFORMATION_FORMAT = dwarf;
				ENABLE_STRICT_OBJC_MSGSEND = YES;
				ENABLE_TESTABILITY = YES;
				GCC_C_LANGUAGE_STANDARD = gnu99;
				GCC_DYNAMIC_NO_PIC = NO;
				GCC_NO_COMMON_BLOCKS = YES;
				GCC_OPTIMIZATION_LEVEL = 0;
				GCC_PREPROCESSOR_DEFINITIONS = (
					"DEBUG=1",
					"$(inherited)",
				);
				GCC_WARN_64_TO_32_BIT_CONVERSION = YES;
				GCC_WARN_ABOUT_RETURN_TYPE = YES_ERROR;
				GCC_WARN_UNDECLARED_SELECTOR = YES;
				GCC_WARN_UNINITIALIZED_AUTOS = YES_AGGRESSIVE;
				GCC_WARN_UNUSED_FUNCTION = YES;
				GCC_WARN_UNUSED_VARIABLE = YES;
				IPHONEOS_DEPLOYMENT_TARGET = 10.2;
				MTL_ENABLE_DEBUG_INFO = YES;
				ONLY_ACTIVE_ARCH = YES;
				SDKROOT = iphoneos;
				SWIFT_ACTIVE_COMPILATION_CONDITIONS = DEBUG;
				SWIFT_OPTIMIZATION_LEVEL = "-Onone";
				TARGETED_DEVICE_FAMILY = "1,2";
			};
			name = Debug;
		};
		1FA0B81D1E89DD490033F855 /* Release */ = {
			isa = XCBuildConfiguration;
			buildSettings = {
				ALWAYS_SEARCH_USER_PATHS = NO;
				CLANG_ANALYZER_NONNULL = YES;
				CLANG_CXX_LANGUAGE_STANDARD = "gnu++0x";
				CLANG_CXX_LIBRARY = "libc++";
				CLANG_ENABLE_MODULES = YES;
				CLANG_ENABLE_OBJC_ARC = YES;
				CLANG_WARN_BOOL_CONVERSION = YES;
				CLANG_WARN_CONSTANT_CONVERSION = YES;
				CLANG_WARN_DIRECT_OBJC_ISA_USAGE = YES_ERROR;
				CLANG_WARN_DOCUMENTATION_COMMENTS = YES;
				CLANG_WARN_EMPTY_BODY = YES;
				CLANG_WARN_ENUM_CONVERSION = YES;
				CLANG_WARN_INFINITE_RECURSION = YES;
				CLANG_WARN_INT_CONVERSION = YES;
				CLANG_WARN_OBJC_ROOT_CLASS = YES_ERROR;
				CLANG_WARN_SUSPICIOUS_MOVE = YES;
				CLANG_WARN_UNREACHABLE_CODE = YES;
				CLANG_WARN__DUPLICATE_METHOD_MATCH = YES;
				"CODE_SIGN_IDENTITY[sdk=iphoneos*]" = "iPhone Developer";
				COPY_PHASE_STRIP = NO;
				DEBUG_INFORMATION_FORMAT = "dwarf-with-dsym";
				ENABLE_NS_ASSERTIONS = NO;
				ENABLE_STRICT_OBJC_MSGSEND = YES;
				GCC_C_LANGUAGE_STANDARD = gnu99;
				GCC_NO_COMMON_BLOCKS = YES;
				GCC_WARN_64_TO_32_BIT_CONVERSION = YES;
				GCC_WARN_ABOUT_RETURN_TYPE = YES_ERROR;
				GCC_WARN_UNDECLARED_SELECTOR = YES;
				GCC_WARN_UNINITIALIZED_AUTOS = YES_AGGRESSIVE;
				GCC_WARN_UNUSED_FUNCTION = YES;
				GCC_WARN_UNUSED_VARIABLE = YES;
				IPHONEOS_DEPLOYMENT_TARGET = 10.2;
				MTL_ENABLE_DEBUG_INFO = NO;
				SDKROOT = iphoneos;
				SWIFT_OPTIMIZATION_LEVEL = "-Owholemodule";
				TARGETED_DEVICE_FAMILY = "1,2";
				VALIDATE_PRODUCT = YES;
			};
			name = Release;
		};
		1FA0B81F1E89DD490033F855 /* Debug */ = {
			isa = XCBuildConfiguration;
			buildSettings = {
				ASSETCATALOG_COMPILER_APPICON_NAME = AppIcon;
				DEVELOPMENT_TEAM = 84V739CU2U;
				INFOPLIST_FILE = HelpMeSecurity/Info.plist;
				LD_RUNPATH_SEARCH_PATHS = "$(inherited) @executable_path/Frameworks";
				PRODUCT_BUNDLE_IDENTIFIER = gariken.HelpMeSecurity;
				PRODUCT_NAME = "$(TARGET_NAME)";
				SWIFT_VERSION = 3.0;
			};
			name = Debug;
		};
		1FA0B8201E89DD490033F855 /* Release */ = {
			isa = XCBuildConfiguration;
			buildSettings = {
				ASSETCATALOG_COMPILER_APPICON_NAME = AppIcon;
				DEVELOPMENT_TEAM = 84V739CU2U;
				INFOPLIST_FILE = HelpMeSecurity/Info.plist;
				LD_RUNPATH_SEARCH_PATHS = "$(inherited) @executable_path/Frameworks";
				PRODUCT_BUNDLE_IDENTIFIER = gariken.HelpMeSecurity;
				PRODUCT_NAME = "$(TARGET_NAME)";
				SWIFT_VERSION = 3.0;
			};
			name = Release;
		};
/* End XCBuildConfiguration section */

/* Begin XCConfigurationList section */
		1FA0B8041E89DD490033F855 /* Build configuration list for PBXProject "HelpMeSecurity" */ = {
			isa = XCConfigurationList;
			buildConfigurations = (
				1FA0B81C1E89DD490033F855 /* Debug */,
				1FA0B81D1E89DD490033F855 /* Release */,
			);
			defaultConfigurationIsVisible = 0;
			defaultConfigurationName = Release;
		};
		1FA0B81E1E89DD490033F855 /* Build configuration list for PBXNativeTarget "HelpMeSecurity" */ = {
			isa = XCConfigurationList;
			buildConfigurations = (
				1FA0B81F1E89DD490033F855 /* Debug */,
				1FA0B8201E89DD490033F855 /* Release */,
			);
			defaultConfigurationIsVisible = 0;
		};
/* End XCConfigurationList section */

/* Begin XCVersionGroup section */
		1FA0B8131E89DD490033F855 /* HelpMeSecurity.xcdatamodeld */ = {
			isa = XCVersionGroup;
			children = (
				1FA0B8141E89DD490033F855 /* HelpMeSecurity.xcdatamodel */,
			);
			currentVersion = 1FA0B8141E89DD490033F855 /* HelpMeSecurity.xcdatamodel */;
			path = HelpMeSecurity.xcdatamodeld;
			sourceTree = "<group>";
			versionGroupType = wrapper.xcdatamodel;
		};
/* End XCVersionGroup section */
	};
	rootObject = 1FA0B8011E89DD490033F855 /* Project object */;
}
